// !$*UTF8*$!
{
	archiveVersion = 1;
	classes = {
	};
	objectVersion = 77;
	objects = {

/* Begin PBXBuildFile section */
		001E4065949443B829E98480 /* ResultDetailView.swift in Sources */ = {isa = PBXBuildFile; fileRef = C17379D5162BCEFF337428F7 /* ResultDetailView.swift */; };
		009B19DB25D514619EDCE311 /* CameraFrameProvider.swift in Sources */ = {isa = PBXBuildFile; fileRef = ACA940AC051138425E6F049B /* CameraFrameProvider.swift */; };
		0393C2E032B9B70554D61EFB /* AboutView.swift in Sources */ = {isa = PBXBuildFile; fileRef = 56B87E002D79936A35CF65C0 /* AboutView.swift */; };
		046C175973E4A23A24AF1AFF /* LLMRuntime.swift in Sources */ = {isa = PBXBuildFile; fileRef = 9AEBE475F3D1F3847037DCDC /* LLMRuntime.swift */; };
		061C9C6CE449A3775C389B22 /* CactusParityTask.swift in Sources */ = {isa = PBXBuildFile; fileRef = 9862EC20F5A56A23160C9F38 /* CactusParityTask.swift */; };
		0838D0A431F62B6943E768A9 /* DeviceSnapshot.swift in Sources */ = {isa = PBXBuildFile; fileRef = 96EC451AC3B51CECFE36832F /* DeviceSnapshot.swift */; };
		088141EA3F087A8548D8A508 /* SustainedGenerationTask.swift in Sources */ = {isa = PBXBuildFile; fileRef = 41DF9252C795EA4FD6F5CDAB /* SustainedGenerationTask.swift */; };
		0B4510FB020B80FF3AC9A029 /* VLMRunResult.swift in Sources */ = {isa = PBXBuildFile; fileRef = 847FA8B566192976F5C1B37D /* VLMRunResult.swift */; };
		145DE51ACE14612ABCE0FE17 /* MLXVLMRuntime.swift in Sources */ = {isa = PBXBuildFile; fileRef = CCCD8D5E8F3510E2DFEC8B61 /* MLXVLMRuntime.swift */; };
		15BD0CDE4E9B6E87BC808D6F /* BenchmarkResult.swift in Sources */ = {isa = PBXBuildFile; fileRef = EDB98BD506119E4544A41970 /* BenchmarkResult.swift */; };
		17EB1E486A259A3CC94342DD /* ThermalMonitor.swift in Sources */ = {isa = PBXBuildFile; fileRef = 25B8064644296C34DA97C45D /* ThermalMonitor.swift */; };
		19215A41AFC11C3554898A86 /* EnduranceSession.swift in Sources */ = {isa = PBXBuildFile; fileRef = 6EFE4F1AC4B10F5A2F156EFF /* EnduranceSession.swift */; };
		195C000A8320A09F41838C6E /* HistoryView.swift in Sources */ = {isa = PBXBuildFile; fileRef = EFA855549654575D4BC512CB /* HistoryView.swift */; };
		1C036E3F5A02C5B663383E40 /* AnemllCore in Frameworks */ = {isa = PBXBuildFile; productRef = BE66A1E05E501726BBBF2CFA /* AnemllCore */; };
		1F18B24C81C923C55BAD31BE /* llama.xcframework in Embed Frameworks */ = {isa = PBXBuildFile; fileRef = CD948A61E2BD733D8D5DBF28 /* llama.xcframework */; settings = {ATTRIBUTES = (CodeSignOnCopy, RemoveHeadersOnCopy, ); }; };
		217591CAED9D7B2839933ECE /* MLXLLM in Frameworks */ = {isa = PBXBuildFile; productRef = 21EF0EB3F97CBA0516217D8F /* MLXLLM */; };
		2749FC726A9E65BE2ECF6DED /* LiteRTLM in Frameworks */ = {isa = PBXBuildFile; productRef = B9A0D6B398E5D6C779A64EFC /* LiteRTLM */; };
		2B19A8544AE7CA82982EBE92 /* engine-pins.json in Resources */ = {isa = PBXBuildFile; fileRef = 27425AEE09447E78107B0B3C /* engine-pins.json */; };
		2C99F6D008DD527D0B75DCAC /* AppLifecycleTask.swift in Sources */ = {isa = PBXBuildFile; fileRef = A9BA8F4C1540CEFF65E7DF59 /* AppLifecycleTask.swift */; };
		2D4B76257DCA86AE1CCA53C5 /* ModelCatalog.swift in Sources */ = {isa = PBXBuildFile; fileRef = 0FDFD177445B6A3F0F3A94CA /* ModelCatalog.swift */; };
		34B78A82458897252BC5917A /* CoreAIRuntime.swift in Sources */ = {isa = PBXBuildFile; fileRef = E5C1E1C108F800733AA07BC2 /* CoreAIRuntime.swift */; };
		36DAD79D07C4C48A88FE4CC4 /* llama.xcframework in Frameworks */ = {isa = PBXBuildFile; fileRef = CD948A61E2BD733D8D5DBF28 /* llama.xcframework */; };
		36E3374150F3DED9A655B8E9 /* RootView.swift in Sources */ = {isa = PBXBuildFile; fileRef = 2BF5EB104F743ED28845ED08 /* RootView.swift */; };
		37B755D75C9112593D8E08F7 /* ModelCatalog.swift in Sources */ = {isa = PBXBuildFile; fileRef = 0FDFD177445B6A3F0F3A94CA /* ModelCatalog.swift */; };
		4601924C97052E88120B5406 /* AppleFMRuntime.swift in Sources */ = {isa = PBXBuildFile; fileRef = B112224A64E2B28F692A9429 /* AppleFMRuntime.swift */; };
		497C1748FE8C8EB48BA16643 /* ANEResidency.swift in Sources */ = {isa = PBXBuildFile; fileRef = 9BC9A79D27B1D61194BB2BBD /* ANEResidency.swift */; };
		4AACB16488F435674F7D3F23 /* EnergyMonitor.swift in Sources */ = {isa = PBXBuildFile; fileRef = 25B2A23CC8564CCF9B5425E4 /* EnergyMonitor.swift */; };
		4B56C0F3490C5962A92CB138 /* BenchmarkRunner.swift in Sources */ = {isa = PBXBuildFile; fileRef = BB222FF8CD19B1AE6F828276 /* BenchmarkRunner.swift */; };
		4B9C96FCC0E7E9A107711817 /* SustainedGenerationTask.swift in Sources */ = {isa = PBXBuildFile; fileRef = 41DF9252C795EA4FD6F5CDAB /* SustainedGenerationTask.swift */; };
		5014159428C1AE82F938A0C6 /* CactusParityTask.swift in Sources */ = {isa = PBXBuildFile; fileRef = 9862EC20F5A56A23160C9F38 /* CactusParityTask.swift */; };
		552FE08E2ACAB0BF5E7748CE /* CactusRuntime.swift in Sources */ = {isa = PBXBuildFile; fileRef = 9F5B054BC77257CF9365FD0B /* CactusRuntime.swift */; };
		5B8E92F87FF9FC43E7AA7FE4 /* BenchmarkTask.swift in Sources */ = {isa = PBXBuildFile; fileRef = 3C23C1590FDEC47AAA788C8C /* BenchmarkTask.swift */; };
		5E3E8A915FF15D706F4C9ABE /* llama.xcframework in Frameworks */ = {isa = PBXBuildFile; fileRef = CD948A61E2BD733D8D5DBF28 /* llama.xcframework */; };
		5EEEF3AE179BC5B1A35D3DE9 /* EnduranceSession.swift in Sources */ = {isa = PBXBuildFile; fileRef = 6EFE4F1AC4B10F5A2F156EFF /* EnduranceSession.swift */; };
		636529D3556D434AB4CAC6BD /* HuggingFace in Frameworks */ = {isa = PBXBuildFile; productRef = F1AADF83E0EE96F436D24502 /* HuggingFace */; };
		6420BB2433D304BF52FC01F4 /* Yardstick.swift in Sources */ = {isa = PBXBuildFile; fileRef = 7D5007113625B8DF8104287A /* Yardstick.swift */; };
		646A4621D253AF907777E8D7 /* ThermalMonitor.swift in Sources */ = {isa = PBXBuildFile; fileRef = 25B8064644296C34DA97C45D /* ThermalMonitor.swift */; };
		652D99321D5197E5A2418DA1 /* ShortChatTask.swift in Sources */ = {isa = PBXBuildFile; fileRef = B1D5843BBDAB1DED93B38AE9 /* ShortChatTask.swift */; };
		6713564E371070BA32A780CB /* MLXLMCommon in Frameworks */ = {isa = PBXBuildFile; productRef = B0444AFE741905C5F61E300A /* MLXLMCommon */; };
		68AF09598937C188B3B87836 /* LLMRuntime.swift in Sources */ = {isa = PBXBuildFile; fileRef = 9AEBE475F3D1F3847037DCDC /* LLMRuntime.swift */; };
		6A1966586380B2A50FAE4B98 /* CameraVLMRunner.swift in Sources */ = {isa = PBXBuildFile; fileRef = 7CE99212156C7B1FB64CBD08 /* CameraVLMRunner.swift */; };
		6B1DEED78876BE06AB6B73F7 /* LongContextTask.swift in Sources */ = {isa = PBXBuildFile; fileRef = E32B5B412965AE32B79FA8A7 /* LongContextTask.swift */; };
		6C4F792509B16FD60F135666 /* cactus-ios.xcframework in Frameworks */ = {isa = PBXBuildFile; fileRef = 256D9F69B659CE99F3C162A4 /* cactus-ios.xcframework */; };
		7064E3C8234778DE1CA6ABEE /* CoreMLRuntime.swift in Sources */ = {isa = PBXBuildFile; fileRef = C493584615C8AADF0AC2E898 /* CoreMLRuntime.swift */; };
		7411110A65D48610763477AF /* AnemllRuntime.swift in Sources */ = {isa = PBXBuildFile; fileRef = 0F633777C79D895EDE066C81 /* AnemllRuntime.swift */; };
		78FD00BCF5B65BEE2D3D682F /* LlamaCppRuntime.swift in Sources */ = {isa = PBXBuildFile; fileRef = B83B26DCB0625D90E7FEA3D0 /* LlamaCppRuntime.swift */; };
		79C733FFE4B133CE1C1065B5 /* AnemllRuntime.swift in Sources */ = {isa = PBXBuildFile; fileRef = 0F633777C79D895EDE066C81 /* AnemllRuntime.swift */; };
		7E2B1009B907A9F36741AA80 /* BenchmarkTask.swift in Sources */ = {isa = PBXBuildFile; fileRef = 3C23C1590FDEC47AAA788C8C /* BenchmarkTask.swift */; };
		7E3B1460061BFC9556492771 /* MediaPipeRuntime.swift in Sources */ = {isa = PBXBuildFile; fileRef = 1CBEE8C8D541D87AA74CC842 /* MediaPipeRuntime.swift */; };
		7FC83E7435986753FD06FE01 /* EnduranceChatTask.swift in Sources */ = {isa = PBXBuildFile; fileRef = 1328C5AB0A3428C61C7870C2 /* EnduranceChatTask.swift */; };
		857332E3B9DF1149B25DC7BF /* MLXVLM in Frameworks */ = {isa = PBXBuildFile; productRef = E5B517696DF2A756C13C8778 /* MLXVLM */; };
		85CE47B1817B35CFE3555F47 /* BenchmarkApp.swift in Sources */ = {isa = PBXBuildFile; fileRef = 7FD9DF28BE4D5C6F3FA43034 /* BenchmarkApp.swift */; };
		88688611595275B803BA6BA1 /* HuggingFace in Frameworks */ = {isa = PBXBuildFile; productRef = 5A479665844C88295239656B /* HuggingFace */; };
		8CB178D8CDD363716B16D88C /* LlamaCppRuntime.swift in Sources */ = {isa = PBXBuildFile; fileRef = B83B26DCB0625D90E7FEA3D0 /* LlamaCppRuntime.swift */; };
		8CD64B42B2E53DCDB6725B54 /* AppLifecycleTask.swift in Sources */ = {isa = PBXBuildFile; fileRef = A9BA8F4C1540CEFF65E7DF59 /* AppLifecycleTask.swift */; };
		8D7E1C724D893626C4BCCF24 /* CameraVLMView.swift in Sources */ = {isa = PBXBuildFile; fileRef = EDF913ADF853D7433292C104 /* CameraVLMView.swift */; };
		8EDDD4F37408C80B463CEB52 /* ResultStore.swift in Sources */ = {isa = PBXBuildFile; fileRef = 7B00295E8B87E0C9FF6F245A /* ResultStore.swift */; };
		910265262ED4665B2533646E /* HFDownloader.swift in Sources */ = {isa = PBXBuildFile; fileRef = 77FA278E146AC34B6DCAE94C /* HFDownloader.swift */; };
		9611F6711DADC9B22EABE729 /* MemoryMonitor.swift in Sources */ = {isa = PBXBuildFile; fileRef = A836D710FDEAB7D4372D9BDA /* MemoryMonitor.swift */; };
		979F47555A430761C1FA8555 /* RuntimeKind.swift in Sources */ = {isa = PBXBuildFile; fileRef = DF9865DD5EA3452AB58F89BA /* RuntimeKind.swift */; };
		99CC84FF8D585B17DC6264FC /* CoreMLRuntime.swift in Sources */ = {isa = PBXBuildFile; fileRef = C493584615C8AADF0AC2E898 /* CoreMLRuntime.swift */; };
		9A8BF3FCD5A86C624A287C00 /* ResultStore.swift in Sources */ = {isa = PBXBuildFile; fileRef = 7B00295E8B87E0C9FF6F245A /* ResultStore.swift */; };
		9A9485C42F648B62F8A9462C /* ExecuTorchRuntime.swift in Sources */ = {isa = PBXBuildFile; fileRef = D23C29A2DAB4B32536184269 /* ExecuTorchRuntime.swift */; };
		9DA150853ECF733BA5E46DD5 /* RunView.swift in Sources */ = {isa = PBXBuildFile; fileRef = 05A6EA748AC2905747AF6A49 /* RunView.swift */; };
		9F9880026BCBED3C4496449E /* RuntimeKind.swift in Sources */ = {isa = PBXBuildFile; fileRef = DF9865DD5EA3452AB58F89BA /* RuntimeKind.swift */; };
		A133DD7CA15F727B40BC21CD /* CoreMLVLMRuntime.swift in Sources */ = {isa = PBXBuildFile; fileRef = DF9F5B3D6533DC5FF3AE2F73 /* CoreMLVLMRuntime.swift */; };
		A34075B7D6175D0D9A93FA2C /* MLXRuntime.swift in Sources */ = {isa = PBXBuildFile; fileRef = 2FD65400D01973F84CFF8C4A /* MLXRuntime.swift */; };
		A4613B831ED6B204131366EB /* ExecuTorchRuntime.swift in Sources */ = {isa = PBXBuildFile; fileRef = D23C29A2DAB4B32536184269 /* ExecuTorchRuntime.swift */; };
		ADF0E4886E47A12C35F38FDD /* ShortChatTask.swift in Sources */ = {isa = PBXBuildFile; fileRef = B1D5843BBDAB1DED93B38AE9 /* ShortChatTask.swift */; };
		AE17B96B3E2DCF0000E57E0E /* cactus-ios.xcframework in Embed Frameworks */ = {isa = PBXBuildFile; fileRef = 256D9F69B659CE99F3C162A4 /* cactus-ios.xcframework */; settings = {ATTRIBUTES = (CodeSignOnCopy, RemoveHeadersOnCopy, ); }; };
		AEC4A2E03F9174356F00D6E1 /* EnginePins.swift in Sources */ = {isa = PBXBuildFile; fileRef = F538500D6DB0D1E86EBA0602 /* EnginePins.swift */; };
		B03715B7777BA220FC769722 /* MemoryMonitor.swift in Sources */ = {isa = PBXBuildFile; fileRef = A836D710FDEAB7D4372D9BDA /* MemoryMonitor.swift */; };
		B27B5272ABE495CC65961193 /* MLXLLM in Frameworks */ = {isa = PBXBuildFile; productRef = BC110CF416DD3A11CE13759C /* MLXLLM */; };
		B2F36953B485E694BD6581AC /* EnginePins.swift in Sources */ = {isa = PBXBuildFile; fileRef = F538500D6DB0D1E86EBA0602 /* EnginePins.swift */; };
		B9A0E2D3C1A25F6030B627DA /* VLMRuntime.swift in Sources */ = {isa = PBXBuildFile; fileRef = 775A9ED1388F03EEA6701F60 /* VLMRuntime.swift */; };
		BC6EBCD797E6001064D4C22A /* QualityTask.swift in Sources */ = {isa = PBXBuildFile; fileRef = 565EF8BF6EA639B0362B692F /* QualityTask.swift */; };
		BCF4D924352E716FD0961D69 /* AnemllCore in Frameworks */ = {isa = PBXBuildFile; productRef = 708F1E82838993886767854C /* AnemllCore */; };
		BDBD4A30DAF9F7C4E8B1460E /* ANEResidency.swift in Sources */ = {isa = PBXBuildFile; fileRef = 9BC9A79D27B1D61194BB2BBD /* ANEResidency.swift */; };
		C4D43B490C2E82415BDC4021 /* EnduranceChatTask.swift in Sources */ = {isa = PBXBuildFile; fileRef = 1328C5AB0A3428C61C7870C2 /* EnduranceChatTask.swift */; };
		C5276BB3D4DED9E6065DBA61 /* Transformers in Frameworks */ = {isa = PBXBuildFile; productRef = 0DF43C70042F2F896C91184A /* Transformers */; };
		C655B1C4BF91C98F8F99A82D /* CameraVLMTask.swift in Sources */ = {isa = PBXBuildFile; fileRef = CA1211D23CF1EEA6AF377D5F /* CameraVLMTask.swift */; };
		C66CEACA29E00731CF1B1D4A /* VLMRunResult.swift in Sources */ = {isa = PBXBuildFile; fileRef = 847FA8B566192976F5C1B37D /* VLMRunResult.swift */; };
		C7648849477965BC48858376 /* EnergyMonitor.swift in Sources */ = {isa = PBXBuildFile; fileRef = 25B2A23CC8564CCF9B5425E4 /* EnergyMonitor.swift */; };
		C7B939D1B9B1EACDE31C8CA3 /* QualityTask.swift in Sources */ = {isa = PBXBuildFile; fileRef = 565EF8BF6EA639B0362B692F /* QualityTask.swift */; };
		C86B73695B6063C12B3A3375 /* Assets.xcassets in Resources */ = {isa = PBXBuildFile; fileRef = 9DDD16CE34F47A9E4B30C65D /* Assets.xcassets */; };
		CF4437318F240390491764AA /* MLXBridges.swift in Sources */ = {isa = PBXBuildFile; fileRef = 87A190C9D0CCC3D9DD16F29C /* MLXBridges.swift */; };
		DBCBA42657FDDBDAA0E79E2B /* MLXBridges.swift in Sources */ = {isa = PBXBuildFile; fileRef = 87A190C9D0CCC3D9DD16F29C /* MLXBridges.swift */; };
		DD5904E295468AA87F1355C8 /* LiteRTLM in Frameworks */ = {isa = PBXBuildFile; productRef = 0240E53AD7776F228E2FEE6E /* LiteRTLM */; };
		DDCD63B727F01B445C22A7B4 /* MLXLMCommon in Frameworks */ = {isa = PBXBuildFile; productRef = 41CC9D1A917A00655517DA80 /* MLXLMCommon */; };
		DE227C87549C5C50C9CF15C7 /* HFDownloader.swift in Sources */ = {isa = PBXBuildFile; fileRef = 77FA278E146AC34B6DCAE94C /* HFDownloader.swift */; };
		DFA2F5124FEC02EA0B6797F3 /* MLXRuntime.swift in Sources */ = {isa = PBXBuildFile; fileRef = 2FD65400D01973F84CFF8C4A /* MLXRuntime.swift */; };
		E16BA8D1E7857187224C3152 /* DeviceSnapshot.swift in Sources */ = {isa = PBXBuildFile; fileRef = 96EC451AC3B51CECFE36832F /* DeviceSnapshot.swift */; };
		EE348BC5D2483A710F3A10BE /* BenchmarkResult.swift in Sources */ = {isa = PBXBuildFile; fileRef = EDB98BD506119E4544A41970 /* BenchmarkResult.swift */; };
		F009A868D4F00FB594392A71 /* Transformers in Frameworks */ = {isa = PBXBuildFile; productRef = A1DFBCC49D5B158A4A780102 /* Transformers */; };
		F0A5C93E7ABDCDBD122756D8 /* LongContextTask.swift in Sources */ = {isa = PBXBuildFile; fileRef = E32B5B412965AE32B79FA8A7 /* LongContextTask.swift */; };
		F1F539E88128D6FA1F20AA76 /* MediaPipeRuntime.swift in Sources */ = {isa = PBXBuildFile; fileRef = 1CBEE8C8D541D87AA74CC842 /* MediaPipeRuntime.swift */; };
		F5A6E5E0CF6A4AB9C9207069 /* CameraVLMTask.swift in Sources */ = {isa = PBXBuildFile; fileRef = CA1211D23CF1EEA6AF377D5F /* CameraVLMTask.swift */; };
		FBC22FE0AE189374B8920645 /* BenchmarkRunner.swift in Sources */ = {isa = PBXBuildFile; fileRef = BB222FF8CD19B1AE6F828276 /* BenchmarkRunner.swift */; };
		FEFDED8114EED7A3D4CB5B64 /* AppleFMRuntime.swift in Sources */ = {isa = PBXBuildFile; fileRef = B112224A64E2B28F692A9429 /* AppleFMRuntime.swift */; };
/* End PBXBuildFile section */

/* Begin PBXCopyFilesBuildPhase section */
		58E6D62B50056E0E29078824 /* Embed Frameworks */ = {
			isa = PBXCopyFilesBuildPhase;
			buildActionMask = 2147483647;
			dstPath = "";
			dstSubfolderSpec = 10;
			files = (
				1F18B24C81C923C55BAD31BE /* llama.xcframework in Embed Frameworks */,
				AE17B96B3E2DCF0000E57E0E /* cactus-ios.xcframework in Embed Frameworks */,
			);
			name = "Embed Frameworks";
			runOnlyForDeploymentPostprocessing = 0;
		};
/* End PBXCopyFilesBuildPhase section */

/* Begin PBXFileReference section */
		05A6EA748AC2905747AF6A49 /* RunView.swift */ = {isa = PBXFileReference; lastKnownFileType = sourcecode.swift; path = RunView.swift; sourceTree = "<group>"; };
		0F633777C79D895EDE066C81 /* AnemllRuntime.swift */ = {isa = PBXFileReference; lastKnownFileType = sourcecode.swift; path = AnemllRuntime.swift; sourceTree = "<group>"; };
		0FDFD177445B6A3F0F3A94CA /* ModelCatalog.swift */ = {isa = PBXFileReference; lastKnownFileType = sourcecode.swift; path = ModelCatalog.swift; sourceTree = "<group>"; };
		1328C5AB0A3428C61C7870C2 /* EnduranceChatTask.swift */ = {isa = PBXFileReference; lastKnownFileType = sourcecode.swift; path = EnduranceChatTask.swift; sourceTree = "<group>"; };
		1CBEE8C8D541D87AA74CC842 /* MediaPipeRuntime.swift */ = {isa = PBXFileReference; lastKnownFileType = sourcecode.swift; path = MediaPipeRuntime.swift; sourceTree = "<group>"; };
		256D9F69B659CE99F3C162A4 /* cactus-ios.xcframework */ = {isa = PBXFileReference; lastKnownFileType = wrapper.xcframework; name = "cactus-ios.xcframework"; path = "Vendored/cactus-ios.xcframework"; sourceTree = "<group>"; };
		25B2A23CC8564CCF9B5425E4 /* EnergyMonitor.swift */ = {isa = PBXFileReference; lastKnownFileType = sourcecode.swift; path = EnergyMonitor.swift; sourceTree = "<group>"; };
		25B8064644296C34DA97C45D /* ThermalMonitor.swift */ = {isa = PBXFileReference; lastKnownFileType = sourcecode.swift; path = ThermalMonitor.swift; sourceTree = "<group>"; };
		27425AEE09447E78107B0B3C /* engine-pins.json */ = {isa = PBXFileReference; lastKnownFileType = text.json; path = "engine-pins.json"; sourceTree = "<group>"; };
		2BF5EB104F743ED28845ED08 /* RootView.swift */ = {isa = PBXFileReference; lastKnownFileType = sourcecode.swift; path = RootView.swift; sourceTree = "<group>"; };
		2FD65400D01973F84CFF8C4A /* MLXRuntime.swift */ = {isa = PBXFileReference; lastKnownFileType = sourcecode.swift; path = MLXRuntime.swift; sourceTree = "<group>"; };
		3C23C1590FDEC47AAA788C8C /* BenchmarkTask.swift */ = {isa = PBXFileReference; lastKnownFileType = sourcecode.swift; path = BenchmarkTask.swift; sourceTree = "<group>"; };
		41DF9252C795EA4FD6F5CDAB /* SustainedGenerationTask.swift */ = {isa = PBXFileReference; lastKnownFileType = sourcecode.swift; path = SustainedGenerationTask.swift; sourceTree = "<group>"; };
		487ACD0FE4B8F0757BDBB3A0 /* yardstick */ = {isa = PBXFileReference; includeInIndex = 0; path = yardstick; sourceTree = BUILT_PRODUCTS_DIR; };
		52930BA993CF63A8D45E4D4B /* BenchmarkApp.app */ = {isa = PBXFileReference; includeInIndex = 0; lastKnownFileType = wrapper.application; path = BenchmarkApp.app; sourceTree = BUILT_PRODUCTS_DIR; };
		565EF8BF6EA639B0362B692F /* QualityTask.swift */ = {isa = PBXFileReference; lastKnownFileType = sourcecode.swift; path = QualityTask.swift; sourceTree = "<group>"; };
		56B87E002D79936A35CF65C0 /* AboutView.swift */ = {isa = PBXFileReference; lastKnownFileType = sourcecode.swift; path = AboutView.swift; sourceTree = "<group>"; };
		6B1B44FD2AF7C8F656A247CC /* LiteRT-LM */ = {isa = PBXFileReference; lastKnownFileType = folder; name = "LiteRT-LM"; path = "Vendored/LiteRT-LM"; sourceTree = SOURCE_ROOT; };
		6EFE4F1AC4B10F5A2F156EFF /* EnduranceSession.swift */ = {isa = PBXFileReference; lastKnownFileType = sourcecode.swift; path = EnduranceSession.swift; sourceTree = "<group>"; };
		775A9ED1388F03EEA6701F60 /* VLMRuntime.swift */ = {isa = PBXFileReference; lastKnownFileType = sourcecode.swift; path = VLMRuntime.swift; sourceTree = "<group>"; };
		77FA278E146AC34B6DCAE94C /* HFDownloader.swift */ = {isa = PBXFileReference; lastKnownFileType = sourcecode.swift; path = HFDownloader.swift; sourceTree = "<group>"; };
		7969F77D7FCA1C826D0BBB5C /* Info.plist */ = {isa = PBXFileReference; lastKnownFileType = text.plist; path = Info.plist; sourceTree = "<group>"; };
		7B00295E8B87E0C9FF6F245A /* ResultStore.swift */ = {isa = PBXFileReference; lastKnownFileType = sourcecode.swift; path = ResultStore.swift; sourceTree = "<group>"; };
		7C6BF5532ADEB000FFDFED88 /* anemll-swift-cli */ = {isa = PBXFileReference; lastKnownFileType = folder; name = "anemll-swift-cli"; path = "Vendored/Anemll/anemll-swift-cli"; sourceTree = SOURCE_ROOT; };
		7CE99212156C7B1FB64CBD08 /* CameraVLMRunner.swift */ = {isa = PBXFileReference; lastKnownFileType = sourcecode.swift; path = CameraVLMRunner.swift; sourceTree = "<group>"; };
		7D5007113625B8DF8104287A /* Yardstick.swift */ = {isa = PBXFileReference; lastKnownFileType = sourcecode.swift; path = Yardstick.swift; sourceTree = "<group>"; };
		7FD9DF28BE4D5C6F3FA43034 /* BenchmarkApp.swift */ = {isa = PBXFileReference; lastKnownFileType = sourcecode.swift; path = BenchmarkApp.swift; sourceTree = "<group>"; };
		847FA8B566192976F5C1B37D /* VLMRunResult.swift */ = {isa = PBXFileReference; lastKnownFileType = sourcecode.swift; path = VLMRunResult.swift; sourceTree = "<group>"; };
		87A190C9D0CCC3D9DD16F29C /* MLXBridges.swift */ = {isa = PBXFileReference; lastKnownFileType = sourcecode.swift; path = MLXBridges.swift; sourceTree = "<group>"; };
		96EC451AC3B51CECFE36832F /* DeviceSnapshot.swift */ = {isa = PBXFileReference; lastKnownFileType = sourcecode.swift; path = DeviceSnapshot.swift; sourceTree = "<group>"; };
		9862EC20F5A56A23160C9F38 /* CactusParityTask.swift */ = {isa = PBXFileReference; lastKnownFileType = sourcecode.swift; path = CactusParityTask.swift; sourceTree = "<group>"; };
		9AEBE475F3D1F3847037DCDC /* LLMRuntime.swift */ = {isa = PBXFileReference; lastKnownFileType = sourcecode.swift; path = LLMRuntime.swift; sourceTree = "<group>"; };
		9BC9A79D27B1D61194BB2BBD /* ANEResidency.swift */ = {isa = PBXFileReference; lastKnownFileType = sourcecode.swift; path = ANEResidency.swift; sourceTree = "<group>"; };
		9DDD16CE34F47A9E4B30C65D /* Assets.xcassets */ = {isa = PBXFileReference; lastKnownFileType = folder.assetcatalog; path = Assets.xcassets; sourceTree = "<group>"; };
		9F5B054BC77257CF9365FD0B /* CactusRuntime.swift */ = {isa = PBXFileReference; lastKnownFileType = sourcecode.swift; path = CactusRuntime.swift; sourceTree = "<group>"; };
		A836D710FDEAB7D4372D9BDA /* MemoryMonitor.swift */ = {isa = PBXFileReference; lastKnownFileType = sourcecode.swift; path = MemoryMonitor.swift; sourceTree = "<group>"; };
		A9BA8F4C1540CEFF65E7DF59 /* AppLifecycleTask.swift */ = {isa = PBXFileReference; lastKnownFileType = sourcecode.swift; path = AppLifecycleTask.swift; sourceTree = "<group>"; };
		ACA940AC051138425E6F049B /* CameraFrameProvider.swift */ = {isa = PBXFileReference; lastKnownFileType = sourcecode.swift; path = CameraFrameProvider.swift; sourceTree = "<group>"; };
		B112224A64E2B28F692A9429 /* AppleFMRuntime.swift */ = {isa = PBXFileReference; lastKnownFileType = sourcecode.swift; path = AppleFMRuntime.swift; sourceTree = "<group>"; };
		B1D5843BBDAB1DED93B38AE9 /* ShortChatTask.swift */ = {isa = PBXFileReference; lastKnownFileType = sourcecode.swift; path = ShortChatTask.swift; sourceTree = "<group>"; };
		B83B26DCB0625D90E7FEA3D0 /* LlamaCppRuntime.swift */ = {isa = PBXFileReference; lastKnownFileType = sourcecode.swift; path = LlamaCppRuntime.swift; sourceTree = "<group>"; };
		BB222FF8CD19B1AE6F828276 /* BenchmarkRunner.swift */ = {isa = PBXFileReference; lastKnownFileType = sourcecode.swift; path = BenchmarkRunner.swift; sourceTree = "<group>"; };
		C17379D5162BCEFF337428F7 /* ResultDetailView.swift */ = {isa = PBXFileReference; lastKnownFileType = sourcecode.swift; path = ResultDetailView.swift; sourceTree = "<group>"; };
		C493584615C8AADF0AC2E898 /* CoreMLRuntime.swift */ = {isa = PBXFileReference; lastKnownFileType = sourcecode.swift; path = CoreMLRuntime.swift; sourceTree = "<group>"; };
		CA1211D23CF1EEA6AF377D5F /* CameraVLMTask.swift */ = {isa = PBXFileReference; lastKnownFileType = sourcecode.swift; path = CameraVLMTask.swift; sourceTree = "<group>"; };
		CCCD8D5E8F3510E2DFEC8B61 /* MLXVLMRuntime.swift */ = {isa = PBXFileReference; lastKnownFileType = sourcecode.swift; path = MLXVLMRuntime.swift; sourceTree = "<group>"; };
		CD948A61E2BD733D8D5DBF28 /* llama.xcframework */ = {isa = PBXFileReference; lastKnownFileType = wrapper.xcframework; name = llama.xcframework; path = Vendored/llama.xcframework; sourceTree = "<group>"; };
		D23C29A2DAB4B32536184269 /* ExecuTorchRuntime.swift */ = {isa = PBXFileReference; lastKnownFileType = sourcecode.swift; path = ExecuTorchRuntime.swift; sourceTree = "<group>"; };
		DF9865DD5EA3452AB58F89BA /* RuntimeKind.swift */ = {isa = PBXFileReference; lastKnownFileType = sourcecode.swift; path = RuntimeKind.swift; sourceTree = "<group>"; };
		DF9F5B3D6533DC5FF3AE2F73 /* CoreMLVLMRuntime.swift */ = {isa = PBXFileReference; lastKnownFileType = sourcecode.swift; path = CoreMLVLMRuntime.swift; sourceTree = "<group>"; };
		E32B5B412965AE32B79FA8A7 /* LongContextTask.swift */ = {isa = PBXFileReference; lastKnownFileType = sourcecode.swift; path = LongContextTask.swift; sourceTree = "<group>"; };
		E5C1E1C108F800733AA07BC2 /* CoreAIRuntime.swift */ = {isa = PBXFileReference; lastKnownFileType = sourcecode.swift; path = CoreAIRuntime.swift; sourceTree = "<group>"; };
		EDB98BD506119E4544A41970 /* BenchmarkResult.swift */ = {isa = PBXFileReference; lastKnownFileType = sourcecode.swift; path = BenchmarkResult.swift; sourceTree = "<group>"; };
		EDF913ADF853D7433292C104 /* CameraVLMView.swift */ = {isa = PBXFileReference; lastKnownFileType = sourcecode.swift; path = CameraVLMView.swift; sourceTree = "<group>"; };
		EFA855549654575D4BC512CB /* HistoryView.swift */ = {isa = PBXFileReference; lastKnownFileType = sourcecode.swift; path = HistoryView.swift; sourceTree = "<group>"; };
		F538500D6DB0D1E86EBA0602 /* EnginePins.swift */ = {isa = PBXFileReference; lastKnownFileType = sourcecode.swift; path = EnginePins.swift; sourceTree = "<group>"; };
/* End PBXFileReference section */

/* Begin PBXFrameworksBuildPhase section */
		072BE354DAA06E0DFD8ADB84 /* Frameworks */ = {
			isa = PBXFrameworksBuildPhase;
			buildActionMask = 2147483647;
			files = (
				217591CAED9D7B2839933ECE /* MLXLLM in Frameworks */,
				857332E3B9DF1149B25DC7BF /* MLXVLM in Frameworks */,
				DDCD63B727F01B445C22A7B4 /* MLXLMCommon in Frameworks */,
				88688611595275B803BA6BA1 /* HuggingFace in Frameworks */,
				F009A868D4F00FB594392A71 /* Transformers in Frameworks */,
				BCF4D924352E716FD0961D69 /* AnemllCore in Frameworks */,
				2749FC726A9E65BE2ECF6DED /* LiteRTLM in Frameworks */,
				36DAD79D07C4C48A88FE4CC4 /* llama.xcframework in Frameworks */,
				6C4F792509B16FD60F135666 /* cactus-ios.xcframework in Frameworks */,
			);
			runOnlyForDeploymentPostprocessing = 0;
		};
		66CA8FBC5644D44BA85AF7FC /* Frameworks */ = {
			isa = PBXFrameworksBuildPhase;
			buildActionMask = 2147483647;
			files = (
				B27B5272ABE495CC65961193 /* MLXLLM in Frameworks */,
				6713564E371070BA32A780CB /* MLXLMCommon in Frameworks */,
				636529D3556D434AB4CAC6BD /* HuggingFace in Frameworks */,
				C5276BB3D4DED9E6065DBA61 /* Transformers in Frameworks */,
				1C036E3F5A02C5B663383E40 /* AnemllCore in Frameworks */,
				DD5904E295468AA87F1355C8 /* LiteRTLM in Frameworks */,
				5E3E8A915FF15D706F4C9ABE /* llama.xcframework in Frameworks */,
			);
			runOnlyForDeploymentPostprocessing = 0;
		};
/* End PBXFrameworksBuildPhase section */

/* Begin PBXGroup section */
		074F468425D722C3F18A7A8D /* Frameworks */ = {
			isa = PBXGroup;
			children = (
				256D9F69B659CE99F3C162A4 /* cactus-ios.xcframework */,
				CD948A61E2BD733D8D5DBF28 /* llama.xcframework */,
			);
			name = Frameworks;
			sourceTree = "<group>";
		};
		10AE4A9BAB1A2351009312B1 /* Sources */ = {
			isa = PBXGroup;
			children = (
				7D5007113625B8DF8104287A /* Yardstick.swift */,
			);
			path = Sources;
			sourceTree = "<group>";
		};
		122F51BEB1362AC4DC8D85A8 /* Benchmark */ = {
			isa = PBXGroup;
			children = (
				9BC9A79D27B1D61194BB2BBD /* ANEResidency.swift */,
				BB222FF8CD19B1AE6F828276 /* BenchmarkRunner.swift */,
				3C23C1590FDEC47AAA788C8C /* BenchmarkTask.swift */,
				CA1211D23CF1EEA6AF377D5F /* CameraVLMTask.swift */,
				6EFE4F1AC4B10F5A2F156EFF /* EnduranceSession.swift */,
				25B2A23CC8564CCF9B5425E4 /* EnergyMonitor.swift */,
				A836D710FDEAB7D4372D9BDA /* MemoryMonitor.swift */,
				7B00295E8B87E0C9FF6F245A /* ResultStore.swift */,
				25B8064644296C34DA97C45D /* ThermalMonitor.swift */,
				319547D64B233E76FC6CD8A0 /* Tasks */,
			);
			path = Benchmark;
			sourceTree = "<group>";
		};
		301C03E1B5ACE2A3015F69F6 /* Vendored */ = {
			isa = PBXGroup;
			children = (
				27425AEE09447E78107B0B3C /* engine-pins.json */,
			);
			path = Vendored;
			sourceTree = "<group>";
		};
		319547D64B233E76FC6CD8A0 /* Tasks */ = {
			isa = PBXGroup;
			children = (
				A9BA8F4C1540CEFF65E7DF59 /* AppLifecycleTask.swift */,
				9862EC20F5A56A23160C9F38 /* CactusParityTask.swift */,
				1328C5AB0A3428C61C7870C2 /* EnduranceChatTask.swift */,
				E32B5B412965AE32B79FA8A7 /* LongContextTask.swift */,
				565EF8BF6EA639B0362B692F /* QualityTask.swift */,
				B1D5843BBDAB1DED93B38AE9 /* ShortChatTask.swift */,
				41DF9252C795EA4FD6F5CDAB /* SustainedGenerationTask.swift */,
			);
			path = Tasks;
			sourceTree = "<group>";
		};
		37637BF6136652A91DC130D5 /* Views */ = {
			isa = PBXGroup;
			children = (
				56B87E002D79936A35CF65C0 /* AboutView.swift */,
				EDF913ADF853D7433292C104 /* CameraVLMView.swift */,
				EFA855549654575D4BC512CB /* HistoryView.swift */,
				C17379D5162BCEFF337428F7 /* ResultDetailView.swift */,
				2BF5EB104F743ED28845ED08 /* RootView.swift */,
				05A6EA748AC2905747AF6A49 /* RunView.swift */,
			);
			path = Views;
			sourceTree = "<group>";
		};
		3B7970646006B56C0A967766 /* Sources */ = {
			isa = PBXGroup;
			children = (
				9DDD16CE34F47A9E4B30C65D /* Assets.xcassets */,
				7FD9DF28BE4D5C6F3FA43034 /* BenchmarkApp.swift */,
				7969F77D7FCA1C826D0BBB5C /* Info.plist */,
				122F51BEB1362AC4DC8D85A8 /* Benchmark */,
				D64AE1946D37D329D6A38C96 /* Models */,
				6CE72018F61E408779180202 /* Runtimes */,
				37637BF6136652A91DC130D5 /* Views */,
				5BA2EDB1318FD193F06A9F29 /* Vision */,
			);
			path = Sources;
			sourceTree = "<group>";
		};
		58C5BA13055B34D4AE906D74 /* edge-llm-bench */ = {
			isa = PBXGroup;
			children = (
				A5CA7B304158F09148B61978 /* apple */,
			);
			name = "edge-llm-bench";
			path = ../..;
			sourceTree = "<group>";
		};
		5A6DBF4E42C7A3BA5CCA2E7A /* Packages */ = {
			isa = PBXGroup;
			children = (
				7C6BF5532ADEB000FFDFED88 /* anemll-swift-cli */,
				6B1B44FD2AF7C8F656A247CC /* LiteRT-LM */,
			);
			name = Packages;
			sourceTree = "<group>";
		};
		5BA2EDB1318FD193F06A9F29 /* Vision */ = {
			isa = PBXGroup;
			children = (
				ACA940AC051138425E6F049B /* CameraFrameProvider.swift */,
				7CE99212156C7B1FB64CBD08 /* CameraVLMRunner.swift */,
			);
			path = Vision;
			sourceTree = "<group>";
		};
		6CE72018F61E408779180202 /* Runtimes */ = {
			isa = PBXGroup;
			children = (
				0F633777C79D895EDE066C81 /* AnemllRuntime.swift */,
				B112224A64E2B28F692A9429 /* AppleFMRuntime.swift */,
				9F5B054BC77257CF9365FD0B /* CactusRuntime.swift */,
				E5C1E1C108F800733AA07BC2 /* CoreAIRuntime.swift */,
				C493584615C8AADF0AC2E898 /* CoreMLRuntime.swift */,
				DF9F5B3D6533DC5FF3AE2F73 /* CoreMLVLMRuntime.swift */,
				D23C29A2DAB4B32536184269 /* ExecuTorchRuntime.swift */,
				77FA278E146AC34B6DCAE94C /* HFDownloader.swift */,
				B83B26DCB0625D90E7FEA3D0 /* LlamaCppRuntime.swift */,
				9AEBE475F3D1F3847037DCDC /* LLMRuntime.swift */,
				1CBEE8C8D541D87AA74CC842 /* MediaPipeRuntime.swift */,
				87A190C9D0CCC3D9DD16F29C /* MLXBridges.swift */,
				2FD65400D01973F84CFF8C4A /* MLXRuntime.swift */,
				CCCD8D5E8F3510E2DFEC8B61 /* MLXVLMRuntime.swift */,
				775A9ED1388F03EEA6701F60 /* VLMRuntime.swift */,
			);
			path = Runtimes;
			sourceTree = "<group>";
		};
		6D3DBBDA69A92A7D135E1081 /* Products */ = {
			isa = PBXGroup;
			children = (
				52930BA993CF63A8D45E4D4B /* BenchmarkApp.app */,
				487ACD0FE4B8F0757BDBB3A0 /* yardstick */,
			);
			name = Products;
			sourceTree = "<group>";
		};
		A5CA7B304158F09148B61978 /* apple */ = {
			isa = PBXGroup;
			children = (
				C80B41985DC478EDDB291196 /* YardstickCLI */,
			);
			path = apple;
			sourceTree = "<group>";
		};
		C80B41985DC478EDDB291196 /* YardstickCLI */ = {
			isa = PBXGroup;
			children = (
				10AE4A9BAB1A2351009312B1 /* Sources */,
			);
			path = YardstickCLI;
			sourceTree = "<group>";
		};
		CBCC4D0D1E7CCB77FCB3E958 = {
			isa = PBXGroup;
			children = (
				58C5BA13055B34D4AE906D74 /* edge-llm-bench */,
				5A6DBF4E42C7A3BA5CCA2E7A /* Packages */,
				3B7970646006B56C0A967766 /* Sources */,
				301C03E1B5ACE2A3015F69F6 /* Vendored */,
				074F468425D722C3F18A7A8D /* Frameworks */,
				6D3DBBDA69A92A7D135E1081 /* Products */,
			);
			sourceTree = "<group>";
		};
		D64AE1946D37D329D6A38C96 /* Models */ = {
			isa = PBXGroup;
			children = (
				EDB98BD506119E4544A41970 /* BenchmarkResult.swift */,
				96EC451AC3B51CECFE36832F /* DeviceSnapshot.swift */,
				F538500D6DB0D1E86EBA0602 /* EnginePins.swift */,
				0FDFD177445B6A3F0F3A94CA /* ModelCatalog.swift */,
				DF9865DD5EA3452AB58F89BA /* RuntimeKind.swift */,
				847FA8B566192976F5C1B37D /* VLMRunResult.swift */,
			);
			path = Models;
			sourceTree = "<group>";
		};
/* End PBXGroup section */

/* Begin PBXNativeTarget section */
		C131BB63EFE35459B2AAF2B5 /* yardstick */ = {
			isa = PBXNativeTarget;
			buildConfigurationList = 41CBEC7AF57A81E54FA121D3 /* Build configuration list for PBXNativeTarget "yardstick" */;
			buildPhases = (
				43907D476708BA4B532BA063 /* Stamp engine pins */,
				928D6F43A3E838043F19D051 /* Sources */,
				66CA8FBC5644D44BA85AF7FC /* Frameworks */,
			);
			buildRules = (
			);
			dependencies = (
			);
			name = yardstick;
			packageProductDependencies = (
				BC110CF416DD3A11CE13759C /* MLXLLM */,
				B0444AFE741905C5F61E300A /* MLXLMCommon */,
				F1AADF83E0EE96F436D24502 /* HuggingFace */,
				0DF43C70042F2F896C91184A /* Transformers */,
				BE66A1E05E501726BBBF2CFA /* AnemllCore */,
				0240E53AD7776F228E2FEE6E /* LiteRTLM */,
			);
			productName = yardstick;
			productReference = 487ACD0FE4B8F0757BDBB3A0 /* yardstick */;
			productType = "com.apple.product-type.tool";
		};
		FA7B29E19A20F14D01DD9A51 /* BenchmarkApp */ = {
			isa = PBXNativeTarget;
			buildConfigurationList = 708A4C9F25AC4C37B6DBF8C5 /* Build configuration list for PBXNativeTarget "BenchmarkApp" */;
			buildPhases = (
				77041639FAD5FDFAEF70A7B1 /* Stamp engine pins */,
				965C013A61610DC443E0BC0B /* Sources */,
				AE4724B6CAB394096D0F5BCF /* Resources */,
				072BE354DAA06E0DFD8ADB84 /* Frameworks */,
				58E6D62B50056E0E29078824 /* Embed Frameworks */,
			);
			buildRules = (
			);
			dependencies = (
			);
			name = BenchmarkApp;
			packageProductDependencies = (
				21EF0EB3F97CBA0516217D8F /* MLXLLM */,
				E5B517696DF2A756C13C8778 /* MLXVLM */,
				41CC9D1A917A00655517DA80 /* MLXLMCommon */,
				5A479665844C88295239656B /* HuggingFace */,
				A1DFBCC49D5B158A4A780102 /* Transformers */,
				708F1E82838993886767854C /* AnemllCore */,
				B9A0D6B398E5D6C779A64EFC /* LiteRTLM */,
			);
			productName = BenchmarkApp;
			productReference = 52930BA993CF63A8D45E4D4B /* BenchmarkApp.app */;
			productType = "com.apple.product-type.application";
		};
/* End PBXNativeTarget section */

/* Begin PBXProject section */
		34D56CDA4CC5E8D7022BA4BF /* Project object */ = {
			isa = PBXProject;
			attributes = {
				BuildIndependentTargetsInParallel = YES;
				LastUpgradeCheck = 1430;
				TargetAttributes = {
					C131BB63EFE35459B2AAF2B5 = {
						DevelopmentTeam = "";
						ProvisioningStyle = Automatic;
					};
					FA7B29E19A20F14D01DD9A51 = {
						DevelopmentTeam = "";
						ProvisioningStyle = Automatic;
					};
				};
			};
			buildConfigurationList = AEBB0784E810183A05040EBE /* Build configuration list for PBXProject "BenchmarkApp-ios26" */;
			compatibilityVersion = "Xcode 14.0";
			developmentRegion = en;
			hasScannedForEncodings = 0;
			knownRegions = (
				Base,
				en,
			);
			mainGroup = CBCC4D0D1E7CCB77FCB3E958;
			minimizedProjectReferenceProxies = 1;
			packageReferences = (
				ADE23D2C362E1B97B739566C /* XCRemoteSwiftPackageReference "executorch" */,
				D5D2BC2EC9B567FBD9E2BE23 /* XCRemoteSwiftPackageReference "mlx-swift" */,
				F1F453D6EBDCDD791DACCDBB /* XCRemoteSwiftPackageReference "mlx-swift-lm" */,
				C5F209D86BBD13F42D0F4E31 /* XCRemoteSwiftPackageReference "swift-huggingface" */,
				15092EEA0AA1702BB3742871 /* XCRemoteSwiftPackageReference "swift-transformers" */,
				323BE445A3DE509A1EBFF6CB /* XCLocalSwiftPackageReference "Vendored/Anemll/anemll-swift-cli" */,
				F4D82B2443F703BA68DF62A9 /* XCLocalSwiftPackageReference "Vendored/LiteRT-LM" */,
			);
			preferredProjectObjectVersion = 77;
			projectDirPath = "";
			projectRoot = "";
			targets = (
				FA7B29E19A20F14D01DD9A51 /* BenchmarkApp */,
				C131BB63EFE35459B2AAF2B5 /* yardstick */,
			);
		};
/* End PBXProject section */

/* Begin PBXResourcesBuildPhase section */
		AE4724B6CAB394096D0F5BCF /* Resources */ = {
			isa = PBXResourcesBuildPhase;
			buildActionMask = 2147483647;
			files = (
				C86B73695B6063C12B3A3375 /* Assets.xcassets in Resources */,
				2B19A8544AE7CA82982EBE92 /* engine-pins.json in Resources */,
			);
			runOnlyForDeploymentPostprocessing = 0;
		};
/* End PBXResourcesBuildPhase section */

/* Begin PBXShellScriptBuildPhase section */
		43907D476708BA4B532BA063 /* Stamp engine pins */ = {
			isa = PBXShellScriptBuildPhase;
			alwaysOutOfDate = 1;
			buildActionMask = 2147483647;
			files = (
			);
			inputFileListPaths = (
			);
			inputPaths = (
			);
			name = "Stamp engine pins";
			outputFileListPaths = (
			);
			outputPaths = (
			);
			runOnlyForDeploymentPostprocessing = 0;
			shellPath = /bin/sh;
			shellScript = "\"$SRCROOT/scripts/stamp_engine_pins.sh\"";
		};
		77041639FAD5FDFAEF70A7B1 /* Stamp engine pins */ = {
			isa = PBXShellScriptBuildPhase;
			alwaysOutOfDate = 1;
			buildActionMask = 2147483647;
			files = (
			);
			inputFileListPaths = (
			);
			inputPaths = (
			);
			name = "Stamp engine pins";
			outputFileListPaths = (
			);
			outputPaths = (
				"$(SRCROOT)/Vendored/engine-pins.json",
			);
			runOnlyForDeploymentPostprocessing = 0;
			shellPath = /bin/sh;
			shellScript = "\"$SRCROOT/scripts/stamp_engine_pins.sh\"";
		};
/* End PBXShellScriptBuildPhase section */

/* Begin PBXSourcesBuildPhase section */
		928D6F43A3E838043F19D051 /* Sources */ = {
			isa = PBXSourcesBuildPhase;
			buildActionMask = 2147483647;
			files = (
				BDBD4A30DAF9F7C4E8B1460E /* ANEResidency.swift in Sources */,
				79C733FFE4B133CE1C1065B5 /* AnemllRuntime.swift in Sources */,
				2C99F6D008DD527D0B75DCAC /* AppLifecycleTask.swift in Sources */,
				4601924C97052E88120B5406 /* AppleFMRuntime.swift in Sources */,
				EE348BC5D2483A710F3A10BE /* BenchmarkResult.swift in Sources */,
				FBC22FE0AE189374B8920645 /* BenchmarkRunner.swift in Sources */,
				7E2B1009B907A9F36741AA80 /* BenchmarkTask.swift in Sources */,
				061C9C6CE449A3775C389B22 /* CactusParityTask.swift in Sources */,
				F5A6E5E0CF6A4AB9C9207069 /* CameraVLMTask.swift in Sources */,
				7064E3C8234778DE1CA6ABEE /* CoreMLRuntime.swift in Sources */,
				E16BA8D1E7857187224C3152 /* DeviceSnapshot.swift in Sources */,
				C4D43B490C2E82415BDC4021 /* EnduranceChatTask.swift in Sources */,
				5EEEF3AE179BC5B1A35D3DE9 /* EnduranceSession.swift in Sources */,
				C7648849477965BC48858376 /* EnergyMonitor.swift in Sources */,
				AEC4A2E03F9174356F00D6E1 /* EnginePins.swift in Sources */,
				A4613B831ED6B204131366EB /* ExecuTorchRuntime.swift in Sources */,
				DE227C87549C5C50C9CF15C7 /* HFDownloader.swift in Sources */,
				046C175973E4A23A24AF1AFF /* LLMRuntime.swift in Sources */,
				78FD00BCF5B65BEE2D3D682F /* LlamaCppRuntime.swift in Sources */,
				F0A5C93E7ABDCDBD122756D8 /* LongContextTask.swift in Sources */,
				DBCBA42657FDDBDAA0E79E2B /* MLXBridges.swift in Sources */,
				DFA2F5124FEC02EA0B6797F3 /* MLXRuntime.swift in Sources */,
				F1F539E88128D6FA1F20AA76 /* MediaPipeRuntime.swift in Sources */,
				B03715B7777BA220FC769722 /* MemoryMonitor.swift in Sources */,
				2D4B76257DCA86AE1CCA53C5 /* ModelCatalog.swift in Sources */,
				C7B939D1B9B1EACDE31C8CA3 /* QualityTask.swift in Sources */,
				8EDDD4F37408C80B463CEB52 /* ResultStore.swift in Sources */,
				979F47555A430761C1FA8555 /* RuntimeKind.swift in Sources */,
				652D99321D5197E5A2418DA1 /* ShortChatTask.swift in Sources */,
				4B9C96FCC0E7E9A107711817 /* SustainedGenerationTask.swift in Sources */,
				646A4621D253AF907777E8D7 /* ThermalMonitor.swift in Sources */,
				0B4510FB020B80FF3AC9A029 /* VLMRunResult.swift in Sources */,
				6420BB2433D304BF52FC01F4 /* Yardstick.swift in Sources */,
			);
			runOnlyForDeploymentPostprocessing = 0;
		};
		965C013A61610DC443E0BC0B /* Sources */ = {
			isa = PBXSourcesBuildPhase;
			buildActionMask = 2147483647;
			files = (
				497C1748FE8C8EB48BA16643 /* ANEResidency.swift in Sources */,
				0393C2E032B9B70554D61EFB /* AboutView.swift in Sources */,
				7411110A65D48610763477AF /* AnemllRuntime.swift in Sources */,
				8CD64B42B2E53DCDB6725B54 /* AppLifecycleTask.swift in Sources */,
				FEFDED8114EED7A3D4CB5B64 /* AppleFMRuntime.swift in Sources */,
				85CE47B1817B35CFE3555F47 /* BenchmarkApp.swift in Sources */,
				15BD0CDE4E9B6E87BC808D6F /* BenchmarkResult.swift in Sources */,
				4B56C0F3490C5962A92CB138 /* BenchmarkRunner.swift in Sources */,
				5B8E92F87FF9FC43E7AA7FE4 /* BenchmarkTask.swift in Sources */,
				5014159428C1AE82F938A0C6 /* CactusParityTask.swift in Sources */,
				552FE08E2ACAB0BF5E7748CE /* CactusRuntime.swift in Sources */,
				009B19DB25D514619EDCE311 /* CameraFrameProvider.swift in Sources */,
				6A1966586380B2A50FAE4B98 /* CameraVLMRunner.swift in Sources */,
				C655B1C4BF91C98F8F99A82D /* CameraVLMTask.swift in Sources */,
				8D7E1C724D893626C4BCCF24 /* CameraVLMView.swift in Sources */,
				34B78A82458897252BC5917A /* CoreAIRuntime.swift in Sources */,
				99CC84FF8D585B17DC6264FC /* CoreMLRuntime.swift in Sources */,
				A133DD7CA15F727B40BC21CD /* CoreMLVLMRuntime.swift in Sources */,
				0838D0A431F62B6943E768A9 /* DeviceSnapshot.swift in Sources */,
				7FC83E7435986753FD06FE01 /* EnduranceChatTask.swift in Sources */,
				19215A41AFC11C3554898A86 /* EnduranceSession.swift in Sources */,
				4AACB16488F435674F7D3F23 /* EnergyMonitor.swift in Sources */,
				B2F36953B485E694BD6581AC /* EnginePins.swift in Sources */,
				9A9485C42F648B62F8A9462C /* ExecuTorchRuntime.swift in Sources */,
				910265262ED4665B2533646E /* HFDownloader.swift in Sources */,
				195C000A8320A09F41838C6E /* HistoryView.swift in Sources */,
				68AF09598937C188B3B87836 /* LLMRuntime.swift in Sources */,
				8CB178D8CDD363716B16D88C /* LlamaCppRuntime.swift in Sources */,
				6B1DEED78876BE06AB6B73F7 /* LongContextTask.swift in Sources */,
				CF4437318F240390491764AA /* MLXBridges.swift in Sources */,
				A34075B7D6175D0D9A93FA2C /* MLXRuntime.swift in Sources */,
				145DE51ACE14612ABCE0FE17 /* MLXVLMRuntime.swift in Sources */,
				7E3B1460061BFC9556492771 /* MediaPipeRuntime.swift in Sources */,
				9611F6711DADC9B22EABE729 /* MemoryMonitor.swift in Sources */,
				37B755D75C9112593D8E08F7 /* ModelCatalog.swift in Sources */,
				BC6EBCD797E6001064D4C22A /* QualityTask.swift in Sources */,
				001E4065949443B829E98480 /* ResultDetailView.swift in Sources */,
				9A8BF3FCD5A86C624A287C00 /* ResultStore.swift in Sources */,
				36E3374150F3DED9A655B8E9 /* RootView.swift in Sources */,
				9DA150853ECF733BA5E46DD5 /* RunView.swift in Sources */,
				9F9880026BCBED3C4496449E /* RuntimeKind.swift in Sources */,
				ADF0E4886E47A12C35F38FDD /* ShortChatTask.swift in Sources */,
				088141EA3F087A8548D8A508 /* SustainedGenerationTask.swift in Sources */,
				17EB1E486A259A3CC94342DD /* ThermalMonitor.swift in Sources */,
				C66CEACA29E00731CF1B1D4A /* VLMRunResult.swift in Sources */,
				B9A0E2D3C1A25F6030B627DA /* VLMRuntime.swift in Sources */,
			);
			runOnlyForDeploymentPostprocessing = 0;
		};
/* End PBXSourcesBuildPhase section */

/* Begin XCBuildConfiguration section */
		30DF7E87E86E73B390604501 /* Debug */ = {
			isa = XCBuildConfiguration;
			buildSettings = {
				COMBINE_HIDPI_IMAGES = YES;
				ENABLE_USER_SCRIPT_SANDBOXING = NO;
				FRAMEWORK_SEARCH_PATHS = (
					"$(inherited)",
					"\"Vendored\"",
				);
				LD_RUNPATH_SEARCH_PATHS = "@executable_path $(SRCROOT)/Vendored/llama.xcframework/macos-arm64_x86_64";
				MACOSX_DEPLOYMENT_TARGET = 15.0;
				OTHER_LDFLAGS = "-ObjC";
				PRODUCT_BUNDLE_IDENTIFIER = com.iosllmbenchmark.yardstick;
				PRODUCT_NAME = yardstick;
				SDKROOT = macosx;
				SKIP_INSTALL = NO;
				SWIFT_STRICT_CONCURRENCY = minimal;
			};
			name = Debug;
		};
		32B4CB2DF7B4B3E6A59143EE /* Release */ = {
			isa = XCBuildConfiguration;
			buildSettings = {
				ASSETCATALOG_COMPILER_APPICON_NAME = AppIcon;
				ASSETCATALOG_COMPILER_GLOBAL_ACCENT_COLOR_NAME = AccentColor;
				CODE_SIGN_ENTITLEMENTS = BenchmarkApp.entitlements;
				CODE_SIGN_IDENTITY = "iPhone Developer";
				ENABLE_USER_SCRIPT_SANDBOXING = NO;
				FRAMEWORK_SEARCH_PATHS = (
					"$(inherited)",
					"\"Vendored\"",
				);
				INFOPLIST_FILE = Sources/Info.plist;
				IPHONEOS_DEPLOYMENT_TARGET = 26.0;
				LD_RUNPATH_SEARCH_PATHS = (
					"$(inherited)",
					"@executable_path/Frameworks",
				);
				OTHER_LDFLAGS = "-ObjC";
				PRODUCT_BUNDLE_IDENTIFIER = com.iosllmbenchmark.benchmarkapp;
				SDKROOT = iphoneos;
				SWIFT_ACTIVE_COMPILATION_CONDITIONS = "$(inherited)";
				SWIFT_STRICT_CONCURRENCY = minimal;
				TARGETED_DEVICE_FAMILY = "1,2";
			};
			name = Release;
		};
		6FD8451FE3D390BDA1FF654E /* Debug */ = {
			isa = XCBuildConfiguration;
			buildSettings = {
				ALWAYS_SEARCH_USER_PATHS = NO;
				CLANG_ANALYZER_NONNULL = YES;
				CLANG_ANALYZER_NUMBER_OBJECT_CONVERSION = YES_AGGRESSIVE;
				CLANG_CXX_LANGUAGE_STANDARD = "gnu++14";
				CLANG_CXX_LIBRARY = "libc++";
				CLANG_ENABLE_MODULES = YES;
				CLANG_ENABLE_OBJC_ARC = YES;
				CLANG_ENABLE_OBJC_WEAK = YES;
				CLANG_WARN_BLOCK_CAPTURE_AUTORELEASING = YES;
				CLANG_WARN_BOOL_CONVERSION = YES;
				CLANG_WARN_COMMA = YES;
				CLANG_WARN_CONSTANT_CONVERSION = YES;
				CLANG_WARN_DEPRECATED_OBJC_IMPLEMENTATIONS = YES;
				CLANG_WARN_DIRECT_OBJC_ISA_USAGE = YES_ERROR;
				CLANG_WARN_DOCUMENTATION_COMMENTS = YES;
				CLANG_WARN_EMPTY_BODY = YES;
				CLANG_WARN_ENUM_CONVERSION = YES;
				CLANG_WARN_INFINITE_RECURSION = YES;
				CLANG_WARN_INT_CONVERSION = YES;
				CLANG_WARN_NON_LITERAL_NULL_CONVERSION = YES;
				CLANG_WARN_OBJC_IMPLICIT_RETAIN_SELF = YES;
				CLANG_WARN_OBJC_LITERAL_CONVERSION = YES;
				CLANG_WARN_OBJC_ROOT_CLASS = YES_ERROR;
				CLANG_WARN_QUOTED_INCLUDE_IN_FRAMEWORK_HEADER = YES;
				CLANG_WARN_RANGE_LOOP_ANALYSIS = YES;
				CLANG_WARN_STRICT_PROTOTYPES = YES;
				CLANG_WARN_SUSPICIOUS_MOVE = YES;
				CLANG_WARN_UNGUARDED_AVAILABILITY = YES_AGGRESSIVE;
				CLANG_WARN_UNREACHABLE_CODE = YES;
				CLANG_WARN__DUPLICATE_METHOD_MATCH = YES;
				CODE_SIGN_STYLE = Automatic;
				COPY_PHASE_STRIP = NO;
				DEBUG_INFORMATION_FORMAT = dwarf;
				DEVELOPMENT_TEAM = "";
				ENABLE_STRICT_OBJC_MSGSEND = YES;
				ENABLE_TESTABILITY = YES;
				ENABLE_USER_SCRIPT_SANDBOXING = NO;
				GCC_C_LANGUAGE_STANDARD = gnu11;
				GCC_DYNAMIC_NO_PIC = NO;
				GCC_NO_COMMON_BLOCKS = YES;
				GCC_OPTIMIZATION_LEVEL = 0;
				GCC_PREPROCESSOR_DEFINITIONS = (
					"$(inherited)",
					"DEBUG=1",
				);
				GCC_WARN_64_TO_32_BIT_CONVERSION = YES;
				GCC_WARN_ABOUT_RETURN_TYPE = YES_ERROR;
				GCC_WARN_UNDECLARED_SELECTOR = YES;
				GCC_WARN_UNINITIALIZED_AUTOS = YES_AGGRESSIVE;
				GCC_WARN_UNUSED_FUNCTION = YES;
				GCC_WARN_UNUSED_VARIABLE = YES;
				IPHONEOS_DEPLOYMENT_TARGET = 18.0;
				MACOSX_DEPLOYMENT_TARGET = 14.0;
				MTL_ENABLE_DEBUG_INFO = INCLUDE_SOURCE;
				MTL_FAST_MATH = YES;
				ONLY_ACTIVE_ARCH = YES;
				PRODUCT_NAME = "$(TARGET_NAME)";
				SWIFT_ACTIVE_COMPILATION_CONDITIONS = DEBUG;
				SWIFT_OPTIMIZATION_LEVEL = "-Onone";
				SWIFT_STRICT_CONCURRENCY = minimal;
				SWIFT_VERSION = 6.0;
			};
			name = Debug;
		};
		8546192AFC1D7E2FF1C06F2E /* Release */ = {
			isa = XCBuildConfiguration;
			buildSettings = {
				COMBINE_HIDPI_IMAGES = YES;
				ENABLE_USER_SCRIPT_SANDBOXING = NO;
				FRAMEWORK_SEARCH_PATHS = (
					"$(inherited)",
					"\"Vendored\"",
				);
				LD_RUNPATH_SEARCH_PATHS = "@executable_path $(SRCROOT)/Vendored/llama.xcframework/macos-arm64_x86_64";
				MACOSX_DEPLOYMENT_TARGET = 15.0;
				OTHER_LDFLAGS = "-ObjC";
				PRODUCT_BUNDLE_IDENTIFIER = com.iosllmbenchmark.yardstick;
				PRODUCT_NAME = yardstick;
				SDKROOT = macosx;
				SKIP_INSTALL = NO;
				SWIFT_STRICT_CONCURRENCY = minimal;
			};
			name = Release;
		};
		A3B58CF2E176A7ADB7370971 /* Debug */ = {
			isa = XCBuildConfiguration;
			buildSettings = {
				ASSETCATALOG_COMPILER_APPICON_NAME = AppIcon;
				ASSETCATALOG_COMPILER_GLOBAL_ACCENT_COLOR_NAME = AccentColor;
				CODE_SIGN_ENTITLEMENTS = BenchmarkApp.entitlements;
				CODE_SIGN_IDENTITY = "iPhone Developer";
				ENABLE_USER_SCRIPT_SANDBOXING = NO;
				FRAMEWORK_SEARCH_PATHS = (
					"$(inherited)",
					"\"Vendored\"",
				);
				INFOPLIST_FILE = Sources/Info.plist;
				IPHONEOS_DEPLOYMENT_TARGET = 26.0;
				LD_RUNPATH_SEARCH_PATHS = (
					"$(inherited)",
					"@executable_path/Frameworks",
				);
				OTHER_LDFLAGS = "-ObjC";
				PRODUCT_BUNDLE_IDENTIFIER = com.iosllmbenchmark.benchmarkapp;
				SDKROOT = iphoneos;
				SWIFT_ACTIVE_COMPILATION_CONDITIONS = "$(inherited)";
				SWIFT_STRICT_CONCURRENCY = minimal;
				TARGETED_DEVICE_FAMILY = "1,2";
			};
			name = Debug;
		};
		AA076BBCE6B30EC015485A63 /* Release */ = {
			isa = XCBuildConfiguration;
			buildSettings = {
				ALWAYS_SEARCH_USER_PATHS = NO;
				CLANG_ANALYZER_NONNULL = YES;
				CLANG_ANALYZER_NUMBER_OBJECT_CONVERSION = YES_AGGRESSIVE;
				CLANG_CXX_LANGUAGE_STANDARD = "gnu++14";
				CLANG_CXX_LIBRARY = "libc++";
				CLANG_ENABLE_MODULES = YES;
				CLANG_ENABLE_OBJC_ARC = YES;
				CLANG_ENABLE_OBJC_WEAK = YES;
				CLANG_WARN_BLOCK_CAPTURE_AUTORELEASING = YES;
				CLANG_WARN_BOOL_CONVERSION = YES;
				CLANG_WARN_COMMA = YES;
				CLANG_WARN_CONSTANT_CONVERSION = YES;
				CLANG_WARN_DEPRECATED_OBJC_IMPLEMENTATIONS = YES;
				CLANG_WARN_DIRECT_OBJC_ISA_USAGE = YES_ERROR;
				CLANG_WARN_DOCUMENTATION_COMMENTS = YES;
				CLANG_WARN_EMPTY_BODY = YES;
				CLANG_WARN_ENUM_CONVERSION = YES;
				CLANG_WARN_INFINITE_RECURSION = YES;
				CLANG_WARN_INT_CONVERSION = YES;
				CLANG_WARN_NON_LITERAL_NULL_CONVERSION = YES;
				CLANG_WARN_OBJC_IMPLICIT_RETAIN_SELF = YES;
				CLANG_WARN_OBJC_LITERAL_CONVERSION = YES;
				CLANG_WARN_OBJC_ROOT_CLASS = YES_ERROR;
				CLANG_WARN_QUOTED_INCLUDE_IN_FRAMEWORK_HEADER = YES;
				CLANG_WARN_RANGE_LOOP_ANALYSIS = YES;
				CLANG_WARN_STRICT_PROTOTYPES = YES;
				CLANG_WARN_SUSPICIOUS_MOVE = YES;
				CLANG_WARN_UNGUARDED_AVAILABILITY = YES_AGGRESSIVE;
				CLANG_WARN_UNREACHABLE_CODE = YES;
				CLANG_WARN__DUPLICATE_METHOD_MATCH = YES;
				CODE_SIGN_STYLE = Automatic;
				COPY_PHASE_STRIP = NO;
				DEBUG_INFORMATION_FORMAT = "dwarf-with-dsym";
				DEVELOPMENT_TEAM = "";
				ENABLE_NS_ASSERTIONS = NO;
				ENABLE_STRICT_OBJC_MSGSEND = YES;
				ENABLE_USER_SCRIPT_SANDBOXING = NO;
				GCC_C_LANGUAGE_STANDARD = gnu11;
				GCC_NO_COMMON_BLOCKS = YES;
				GCC_WARN_64_TO_32_BIT_CONVERSION = YES;
				GCC_WARN_ABOUT_RETURN_TYPE = YES_ERROR;
				GCC_WARN_UNDECLARED_SELECTOR = YES;
				GCC_WARN_UNINITIALIZED_AUTOS = YES_AGGRESSIVE;
				GCC_WARN_UNUSED_FUNCTION = YES;
				GCC_WARN_UNUSED_VARIABLE = YES;
				IPHONEOS_DEPLOYMENT_TARGET = 18.0;
				MACOSX_DEPLOYMENT_TARGET = 14.0;
				MTL_ENABLE_DEBUG_INFO = NO;
				MTL_FAST_MATH = YES;
				PRODUCT_NAME = "$(TARGET_NAME)";
				SWIFT_COMPILATION_MODE = wholemodule;
				SWIFT_OPTIMIZATION_LEVEL = "-O";
				SWIFT_STRICT_CONCURRENCY = minimal;
				SWIFT_VERSION = 6.0;
			};
			name = Release;
		};
/* End XCBuildConfiguration section */

/* Begin XCConfigurationList section */
		41CBEC7AF57A81E54FA121D3 /* Build configuration list for PBXNativeTarget "yardstick" */ = {
			isa = XCConfigurationList;
			buildConfigurations = (
				30DF7E87E86E73B390604501 /* Debug */,
				8546192AFC1D7E2FF1C06F2E /* Release */,
			);
			defaultConfigurationIsVisible = 0;
			defaultConfigurationName = Debug;
		};
		708A4C9F25AC4C37B6DBF8C5 /* Build configuration list for PBXNativeTarget "BenchmarkApp" */ = {
			isa = XCConfigurationList;
			buildConfigurations = (
				A3B58CF2E176A7ADB7370971 /* Debug */,
				32B4CB2DF7B4B3E6A59143EE /* Release */,
			);
			defaultConfigurationIsVisible = 0;
			defaultConfigurationName = Debug;
		};
		AEBB0784E810183A05040EBE /* Build configuration list for PBXProject "BenchmarkApp-ios26" */ = {
			isa = XCConfigurationList;
			buildConfigurations = (
				6FD8451FE3D390BDA1FF654E /* Debug */,
				AA076BBCE6B30EC015485A63 /* Release */,
			);
			defaultConfigurationIsVisible = 0;
			defaultConfigurationName = Debug;
		};
/* End XCConfigurationList section */

/* Begin XCLocalSwiftPackageReference section */
		323BE445A3DE509A1EBFF6CB /* XCLocalSwiftPackageReference "Vendored/Anemll/anemll-swift-cli" */ = {
			isa = XCLocalSwiftPackageReference;
			relativePath = "Vendored/Anemll/anemll-swift-cli";
		};
		F4D82B2443F703BA68DF62A9 /* XCLocalSwiftPackageReference "Vendored/LiteRT-LM" */ = {
			isa = XCLocalSwiftPackageReference;
			relativePath = "Vendored/LiteRT-LM";
		};
/* End XCLocalSwiftPackageReference section */

/* Begin XCRemoteSwiftPackageReference section */
		15092EEA0AA1702BB3742871 /* XCRemoteSwiftPackageReference "swift-transformers" */ = {
			isa = XCRemoteSwiftPackageReference;
			repositoryURL = "https://github.com/huggingface/swift-transformers";
			requirement = {
				kind = upToNextMajorVersion;
				minimumVersion = 1.0.0;
			};
		};
		ADE23D2C362E1B97B739566C /* XCRemoteSwiftPackageReference "executorch" */ = {
			isa = XCRemoteSwiftPackageReference;
			repositoryURL = "https://github.com/pytorch/executorch.git";
			requirement = {
				branch = "swiftpm-1.3.0.20260501";
				kind = branch;
			};
		};
		C5F209D86BBD13F42D0F4E31 /* XCRemoteSwiftPackageReference "swift-huggingface" */ = {
			isa = XCRemoteSwiftPackageReference;
			repositoryURL = "https://github.com/huggingface/swift-huggingface";
			requirement = {
				kind = upToNextMajorVersion;
				minimumVersion = 0.8.1;
			};
		};
		D5D2BC2EC9B567FBD9E2BE23 /* XCRemoteSwiftPackageReference "mlx-swift" */ = {
			isa = XCRemoteSwiftPackageReference;
			repositoryURL = "https://github.com/ml-explore/mlx-swift";
			requirement = {
				kind = exactVersion;
				version = 0.31.6;
			};
		};
		F1F453D6EBDCDD791DACCDBB /* XCRemoteSwiftPackageReference "mlx-swift-lm" */ = {
			isa = XCRemoteSwiftPackageReference;
			repositoryURL = "https://github.com/ml-explore/mlx-swift-lm";
			requirement = {
				kind = revision;
				revision = 60bd0d7880c82980f9481f8be78862e9b63c58a3;
			};
		};
/* End XCRemoteSwiftPackageReference section */

/* Begin XCSwiftPackageProductDependency section */
		0240E53AD7776F228E2FEE6E /* LiteRTLM */ = {
			isa = XCSwiftPackageProductDependency;
			productName = LiteRTLM;
		};
		0DF43C70042F2F896C91184A /* Transformers */ = {
			isa = XCSwiftPackageProductDependency;
			package = 15092EEA0AA1702BB3742871 /* XCRemoteSwiftPackageReference "swift-transformers" */;
			productName = Transformers;
		};
		21EF0EB3F97CBA0516217D8F /* MLXLLM */ = {
			isa = XCSwiftPackageProductDependency;
			package = F1F453D6EBDCDD791DACCDBB /* XCRemoteSwiftPackageReference "mlx-swift-lm" */;
			productName = MLXLLM;
		};
		41CC9D1A917A00655517DA80 /* MLXLMCommon */ = {
			isa = XCSwiftPackageProductDependency;
			package = F1F453D6EBDCDD791DACCDBB /* XCRemoteSwiftPackageReference "mlx-swift-lm" */;
			productName = MLXLMCommon;
		};
		5A479665844C88295239656B /* HuggingFace */ = {
			isa = XCSwiftPackageProductDependency;
			package = C5F209D86BBD13F42D0F4E31 /* XCRemoteSwiftPackageReference "swift-huggingface" */;
			productName = HuggingFace;
		};
		708F1E82838993886767854C /* AnemllCore */ = {
			isa = XCSwiftPackageProductDependency;
			productName = AnemllCore;
		};
		A1DFBCC49D5B158A4A780102 /* Transformers */ = {
			isa = XCSwiftPackageProductDependency;
			package = 15092EEA0AA1702BB3742871 /* XCRemoteSwiftPackageReference "swift-transformers" */;
			productName = Transformers;
		};
		B0444AFE741905C5F61E300A /* MLXLMCommon */ = {
			isa = XCSwiftPackageProductDependency;
			package = F1F453D6EBDCDD791DACCDBB /* XCRemoteSwiftPackageReference "mlx-swift-lm" */;
			productName = MLXLMCommon;
		};
		B9A0D6B398E5D6C779A64EFC /* LiteRTLM */ = {
			isa = XCSwiftPackageProductDependency;
			productName = LiteRTLM;
		};
		BC110CF416DD3A11CE13759C /* MLXLLM */ = {
			isa = XCSwiftPackageProductDependency;
			package = F1F453D6EBDCDD791DACCDBB /* XCRemoteSwiftPackageReference "mlx-swift-lm" */;
			productName = MLXLLM;
		};
		BE66A1E05E501726BBBF2CFA /* AnemllCore */ = {
			isa = XCSwiftPackageProductDependency;
			productName = AnemllCore;
		};
		E5B517696DF2A756C13C8778 /* MLXVLM */ = {
			isa = XCSwiftPackageProductDependency;
			package = F1F453D6EBDCDD791DACCDBB /* XCRemoteSwiftPackageReference "mlx-swift-lm" */;
			productName = MLXVLM;
		};
		F1AADF83E0EE96F436D24502 /* HuggingFace */ = {
			isa = XCSwiftPackageProductDependency;
			package = C5F209D86BBD13F42D0F4E31 /* XCRemoteSwiftPackageReference "swift-huggingface" */;
			productName = HuggingFace;
		};
/* End XCSwiftPackageProductDependency section */
	};
	rootObject = 34D56CDA4CC5E8D7022BA4BF /* Project object */;
}
