// !$*UTF8*$!
{
	archiveVersion = 1;
	classes = {
	};
	objectVersion = 77;
	objects = {

/* Begin PBXBuildFile section */
		0188728818CC5CEA56062272 /* SustainedGenerationTask.swift in Sources */ = {isa = PBXBuildFile; fileRef = 2907B9F33EDC6B0C0A0B0371 /* SustainedGenerationTask.swift */; };
		0FEACEFDAA00F0E0F7F9FE30 /* AppleFMRuntime.swift in Sources */ = {isa = PBXBuildFile; fileRef = 139978BEEAB964DF658A1B24 /* AppleFMRuntime.swift */; };
		14C726C56B09F9051B4AB461 /* llama.xcframework in Frameworks */ = {isa = PBXBuildFile; fileRef = 1FE915061AAB6815CA469C97 /* llama.xcframework */; };
		1905B7E72CFD5517903AC4C7 /* CameraFrameProvider.swift in Sources */ = {isa = PBXBuildFile; fileRef = 6029F5F1E404B808186464A0 /* CameraFrameProvider.swift */; };
		1D69A0376D7770B00C64AFA9 /* backend_xnnpack in Frameworks */ = {isa = PBXBuildFile; productRef = D3B056F36440366F51D7BBD3 /* backend_xnnpack */; };
		1D72907A4002C405D63E1D0D /* AnemllCore in Frameworks */ = {isa = PBXBuildFile; productRef = 24B6CC1892E76D130B9ACDE5 /* AnemllCore */; };
		1E35B92106E961327FD8DC80 /* CameraVLMRunner.swift in Sources */ = {isa = PBXBuildFile; fileRef = 55B0B22845CD53EB52FFBD8E /* CameraVLMRunner.swift */; };
		1FFBC6B224B9C5B2FA601240 /* RuntimeKind.swift in Sources */ = {isa = PBXBuildFile; fileRef = C09923CFD1E327C7E911CF75 /* RuntimeKind.swift */; };
		242C5E8FA88C97C3853A24BA /* MLXBridges.swift in Sources */ = {isa = PBXBuildFile; fileRef = D93B57E15C7C37D239CE3DC0 /* MLXBridges.swift */; };
		2438896D2861B16A70B3C744 /* LongContextTask.swift in Sources */ = {isa = PBXBuildFile; fileRef = 7255540E1FBC1C9A00D1B79D /* LongContextTask.swift */; };
		29B80034A2D9B2560AC962D0 /* ModelCatalog.swift in Sources */ = {isa = PBXBuildFile; fileRef = DC8FBE625D69AAD3616FC943 /* ModelCatalog.swift */; };
		31C278C5D54A798D1F236CB3 /* CoreMLRuntime.swift in Sources */ = {isa = PBXBuildFile; fileRef = 312631C163B36FD6DCF29423 /* CoreMLRuntime.swift */; };
		36899BBA15BAFE1CE1CC8A65 /* DeviceSnapshot.swift in Sources */ = {isa = PBXBuildFile; fileRef = 6F781CE30BEF29621CEEEA6D /* DeviceSnapshot.swift */; };
		382986280BC9836B65AE9968 /* engine-pins.json in Resources */ = {isa = PBXBuildFile; fileRef = 8EDF087646C12FA2D9E15BDB /* engine-pins.json */; };
		392365BDE87C2978C6EA7A11 /* MLXRuntime.swift in Sources */ = {isa = PBXBuildFile; fileRef = D39163EB356956C86564C9F7 /* MLXRuntime.swift */; };
		3A1152BD3888FB03184B01B8 /* kernels_quantized in Frameworks */ = {isa = PBXBuildFile; productRef = D676A9BF0CF6F59AA4FB6A14 /* kernels_quantized */; };
		3D74A87D00D81E7D8ABCD33F /* MLXLLM in Frameworks */ = {isa = PBXBuildFile; productRef = 74FE0CD26EE5473634CD58D9 /* MLXLLM */; };
		4432AE37A16885B5F33AF2F2 /* cactus-ios.xcframework in Frameworks */ = {isa = PBXBuildFile; fileRef = 68A5B5091D126AD8D0070595 /* cactus-ios.xcframework */; };
		465459260A138E9C04799FAD /* HistoryView.swift in Sources */ = {isa = PBXBuildFile; fileRef = 5A630487B5DC89F2FAAD6F77 /* HistoryView.swift */; };
		4714D1296181DD53D038361F /* EnduranceChatTask.swift in Sources */ = {isa = PBXBuildFile; fileRef = 3742814E1A85AA3F73E47988 /* EnduranceChatTask.swift */; };
		4A1EDB212E1C623B5BFCBB5C /* Transformers in Frameworks */ = {isa = PBXBuildFile; productRef = 89F44DA9C517202792DDD18F /* Transformers */; };
		4C9065F85A72B967BCFC50AA /* AboutView.swift in Sources */ = {isa = PBXBuildFile; fileRef = 792C2E3AC72CF8B4BEB44905 /* AboutView.swift */; };
		4E9A3BF5AA0A2971B8DE03C2 /* MLXVLM in Frameworks */ = {isa = PBXBuildFile; productRef = 76A52538F7DD5986B5A60B25 /* MLXVLM */; };
		52B806D2F1BA35BE4120B8B3 /* CoreAIRuntime.swift in Sources */ = {isa = PBXBuildFile; fileRef = B3E317103BAF50EF1459B031 /* CoreAIRuntime.swift */; };
		52D2E0E2F567CF414490F992 /* MLXLMCommon in Frameworks */ = {isa = PBXBuildFile; productRef = C4813A5EF45479639CF7D754 /* MLXLMCommon */; };
		57AF75DEE1C10E8BCD8C11CD /* EnginePins.swift in Sources */ = {isa = PBXBuildFile; fileRef = 870BAAAE3553DCA0BD264DAB /* EnginePins.swift */; };
		5D3FCE0DAD0B291C0DDFC5F6 /* ANEResidency.swift in Sources */ = {isa = PBXBuildFile; fileRef = D4CE5DEEC42E61B6CCFF33F4 /* ANEResidency.swift */; };
		5FF09ABF143F6569F6E9303E /* executorch_llm in Frameworks */ = {isa = PBXBuildFile; productRef = CA62830B4E888617D9B916AA /* executorch_llm */; };
		64737A33400496A96E3840D1 /* LiteRTLM in Frameworks */ = {isa = PBXBuildFile; productRef = 947526936AA6F29EE4E3EDAD /* LiteRTLM */; };
		6C0CC83B9C54162A24BFCE85 /* QualityTask.swift in Sources */ = {isa = PBXBuildFile; fileRef = 9F1A34819FABEE4FF6B9335B /* QualityTask.swift */; };
		6CC83D07D7D7844D9E9B4856 /* VLMRuntime.swift in Sources */ = {isa = PBXBuildFile; fileRef = CE5B87B57E047B7261DEC4E0 /* VLMRuntime.swift */; };
		7DACE7D57CF47715E72509DA /* MediaPipeRuntime.swift in Sources */ = {isa = PBXBuildFile; fileRef = B28F7C6C8FDC9D1EB5410B81 /* MediaPipeRuntime.swift */; };
		8311BACB03DD07B0C4DF7DA3 /* BenchmarkRunner.swift in Sources */ = {isa = PBXBuildFile; fileRef = 9B3EC9056FE48CF26C9D8A9A /* BenchmarkRunner.swift */; };
		8327A24F89FB655386263E84 /* EnduranceSession.swift in Sources */ = {isa = PBXBuildFile; fileRef = D1FBB9EEBA369E27F5E3CD53 /* EnduranceSession.swift */; };
		859970B6E15587CA89888F8F /* ResultStore.swift in Sources */ = {isa = PBXBuildFile; fileRef = 4B0D2BFE7EA64AFA6935F09E /* ResultStore.swift */; };
		85B4D5AA71B920596D9E16E0 /* CameraVLMTask.swift in Sources */ = {isa = PBXBuildFile; fileRef = 24B77EFAAF7FB40FABE965E4 /* CameraVLMTask.swift */; };
		93FF7820A9FA76C7228560E5 /* BenchmarkResult.swift in Sources */ = {isa = PBXBuildFile; fileRef = A13CB1C2963403C317092011 /* BenchmarkResult.swift */; };
		94A1DCEF7D973AE882E3C6AD /* ExecuTorchRuntime.swift in Sources */ = {isa = PBXBuildFile; fileRef = 5796491E452623E06E28E03D /* ExecuTorchRuntime.swift */; };
		9CF067845FC66592E1B4DD8B /* ThermalMonitor.swift in Sources */ = {isa = PBXBuildFile; fileRef = 17E3A2A1A75E34F46927BD89 /* ThermalMonitor.swift */; };
		9EDCDE9A0DEB3C12F42097E5 /* MemoryMonitor.swift in Sources */ = {isa = PBXBuildFile; fileRef = 974742A43AD5DBC77BF1B10F /* MemoryMonitor.swift */; };
		9FB8F6912FBA5E03033D6081 /* ShortChatTask.swift in Sources */ = {isa = PBXBuildFile; fileRef = BCE8C9D0B0DE1BFB887E7F79 /* ShortChatTask.swift */; };
		A496A628CB60AF578D2741A5 /* Assets.xcassets in Resources */ = {isa = PBXBuildFile; fileRef = 2DD1A9188CE4DE1E662CDF5A /* Assets.xcassets */; };
		A700E95798A51831548BE94A /* LlamaCppRuntime.swift in Sources */ = {isa = PBXBuildFile; fileRef = E45C5530CD8D2469819EBF63 /* LlamaCppRuntime.swift */; };
		AEAB8907346EC550686DA745 /* AppLifecycleTask.swift in Sources */ = {isa = PBXBuildFile; fileRef = 5629BD5F76F2D7DD988B85A4 /* AppLifecycleTask.swift */; };
		B06E843C9D661E4CDAFF7970 /* HFDownloader.swift in Sources */ = {isa = PBXBuildFile; fileRef = 143949B0D446B603C1374CE5 /* HFDownloader.swift */; };
		BA1E6A6187776BB6EA47A1BE /* CactusRuntime.swift in Sources */ = {isa = PBXBuildFile; fileRef = C4CF6BD224EFADC21BADA546 /* CactusRuntime.swift */; };
		BA3CCE4B6684297CC33F874D /* LLMRuntime.swift in Sources */ = {isa = PBXBuildFile; fileRef = 554DAD9446ABAC7279559974 /* LLMRuntime.swift */; };
		BB2B06C21E80724A936F2988 /* kernels_llm in Frameworks */ = {isa = PBXBuildFile; productRef = 452687CFE7A1F9FB1F4F9F8E /* kernels_llm */; };
		BFC12CA0DF21D86B86C58657 /* executorch in Frameworks */ = {isa = PBXBuildFile; productRef = F9CDB90F70270732FAB3EA8B /* executorch */; };
		C6284F1A1C0DBE7A38F38CD9 /* ResultDetailView.swift in Sources */ = {isa = PBXBuildFile; fileRef = 61F888DBA5BD12390F52A6C1 /* ResultDetailView.swift */; };
		C7F5FE12A593A202514AE6F3 /* BenchmarkApp.swift in Sources */ = {isa = PBXBuildFile; fileRef = 29C3407E389CB7A820E0DF5F /* BenchmarkApp.swift */; };
		C7FF18C2A7253F06AEF1D6A8 /* CactusParityTask.swift in Sources */ = {isa = PBXBuildFile; fileRef = AD09B33052B04498B057FDFD /* CactusParityTask.swift */; };
		D0FB4719494E6CB2F6BB27F0 /* VLMRunResult.swift in Sources */ = {isa = PBXBuildFile; fileRef = D668F463A00B73717909816C /* VLMRunResult.swift */; };
		D372F0FBEF9178CD0074E4FA /* EnergyMonitor.swift in Sources */ = {isa = PBXBuildFile; fileRef = 9BF3640AE1811511C0E152D2 /* EnergyMonitor.swift */; };
		DF36935FB1804062ED47DCBE /* kernels_optimized in Frameworks */ = {isa = PBXBuildFile; productRef = 48207E88DA3679DED258FDA7 /* kernels_optimized */; };
		E1DD762C153A4EC940302A86 /* llama.xcframework in Embed Frameworks */ = {isa = PBXBuildFile; fileRef = 1FE915061AAB6815CA469C97 /* llama.xcframework */; settings = {ATTRIBUTES = (CodeSignOnCopy, RemoveHeadersOnCopy, ); }; };
		E848E5B98A127346EB107571 /* BenchmarkTask.swift in Sources */ = {isa = PBXBuildFile; fileRef = D70C3EAF2248579F377BDC63 /* BenchmarkTask.swift */; };
		EADBC607C27E0485F42B81BB /* MLXVLMRuntime.swift in Sources */ = {isa = PBXBuildFile; fileRef = E0B03F5BD3F0EE6057F5F067 /* MLXVLMRuntime.swift */; };
		F0AEC30A9DBE646A3012D609 /* cactus-ios.xcframework in Embed Frameworks */ = {isa = PBXBuildFile; fileRef = 68A5B5091D126AD8D0070595 /* cactus-ios.xcframework */; settings = {ATTRIBUTES = (CodeSignOnCopy, RemoveHeadersOnCopy, ); }; };
		F102AFC6DCADDEDC8420291D /* RunView.swift in Sources */ = {isa = PBXBuildFile; fileRef = F9D95B7C2D90967DB6A912FB /* RunView.swift */; };
		F3AB00123317017255D05E91 /* HuggingFace in Frameworks */ = {isa = PBXBuildFile; productRef = 1E7C37B0B52A30E47EDD845D /* HuggingFace */; };
		F46AAF72932B9FDDA017274F /* CameraVLMView.swift in Sources */ = {isa = PBXBuildFile; fileRef = BCD1F7374B15803BD70C1FAD /* CameraVLMView.swift */; };
		F7379BDA45E2358A0781367D /* RootView.swift in Sources */ = {isa = PBXBuildFile; fileRef = F3A3C44736BAB49976080245 /* RootView.swift */; };
		FA94AB26EA900EAE477A1543 /* CoreMLVLMRuntime.swift in Sources */ = {isa = PBXBuildFile; fileRef = 96466C3DE5B8566C246CD2F6 /* CoreMLVLMRuntime.swift */; };
		FABC774E26E2C6198765B6B6 /* AnemllRuntime.swift in Sources */ = {isa = PBXBuildFile; fileRef = FB38438FE43E8854CF31DBC9 /* AnemllRuntime.swift */; };
/* End PBXBuildFile section */

/* Begin PBXCopyFilesBuildPhase section */
		7E2ED512BF109515B74CDADA /* Embed Frameworks */ = {
			isa = PBXCopyFilesBuildPhase;
			buildActionMask = 2147483647;
			dstPath = "";
			dstSubfolderSpec = 10;
			files = (
				E1DD762C153A4EC940302A86 /* llama.xcframework in Embed Frameworks */,
				F0AEC30A9DBE646A3012D609 /* cactus-ios.xcframework in Embed Frameworks */,
			);
			name = "Embed Frameworks";
			runOnlyForDeploymentPostprocessing = 0;
		};
/* End PBXCopyFilesBuildPhase section */

/* Begin PBXFileReference section */
		139978BEEAB964DF658A1B24 /* AppleFMRuntime.swift */ = {isa = PBXFileReference; lastKnownFileType = sourcecode.swift; path = AppleFMRuntime.swift; sourceTree = "<group>"; };
		143949B0D446B603C1374CE5 /* HFDownloader.swift */ = {isa = PBXFileReference; lastKnownFileType = sourcecode.swift; path = HFDownloader.swift; sourceTree = "<group>"; };
		17E3A2A1A75E34F46927BD89 /* ThermalMonitor.swift */ = {isa = PBXFileReference; lastKnownFileType = sourcecode.swift; path = ThermalMonitor.swift; sourceTree = "<group>"; };
		1FE915061AAB6815CA469C97 /* llama.xcframework */ = {isa = PBXFileReference; lastKnownFileType = wrapper.xcframework; name = llama.xcframework; path = Vendored/llama.xcframework; sourceTree = "<group>"; };
		24B77EFAAF7FB40FABE965E4 /* CameraVLMTask.swift */ = {isa = PBXFileReference; lastKnownFileType = sourcecode.swift; path = CameraVLMTask.swift; sourceTree = "<group>"; };
		2907B9F33EDC6B0C0A0B0371 /* SustainedGenerationTask.swift */ = {isa = PBXFileReference; lastKnownFileType = sourcecode.swift; path = SustainedGenerationTask.swift; sourceTree = "<group>"; };
		29C3407E389CB7A820E0DF5F /* BenchmarkApp.swift */ = {isa = PBXFileReference; lastKnownFileType = sourcecode.swift; path = BenchmarkApp.swift; sourceTree = "<group>"; };
		2DD1A9188CE4DE1E662CDF5A /* Assets.xcassets */ = {isa = PBXFileReference; lastKnownFileType = folder.assetcatalog; path = Assets.xcassets; sourceTree = "<group>"; };
		312631C163B36FD6DCF29423 /* CoreMLRuntime.swift */ = {isa = PBXFileReference; lastKnownFileType = sourcecode.swift; path = CoreMLRuntime.swift; sourceTree = "<group>"; };
		3742814E1A85AA3F73E47988 /* EnduranceChatTask.swift */ = {isa = PBXFileReference; lastKnownFileType = sourcecode.swift; path = EnduranceChatTask.swift; sourceTree = "<group>"; };
		4338FBCD0FEB69713004DBB7 /* anemll-swift-cli */ = {isa = PBXFileReference; lastKnownFileType = folder; name = "anemll-swift-cli"; path = "Vendored/Anemll/anemll-swift-cli"; sourceTree = SOURCE_ROOT; };
		4B0D2BFE7EA64AFA6935F09E /* ResultStore.swift */ = {isa = PBXFileReference; lastKnownFileType = sourcecode.swift; path = ResultStore.swift; sourceTree = "<group>"; };
		554DAD9446ABAC7279559974 /* LLMRuntime.swift */ = {isa = PBXFileReference; lastKnownFileType = sourcecode.swift; path = LLMRuntime.swift; sourceTree = "<group>"; };
		55B0B22845CD53EB52FFBD8E /* CameraVLMRunner.swift */ = {isa = PBXFileReference; lastKnownFileType = sourcecode.swift; path = CameraVLMRunner.swift; sourceTree = "<group>"; };
		5629BD5F76F2D7DD988B85A4 /* AppLifecycleTask.swift */ = {isa = PBXFileReference; lastKnownFileType = sourcecode.swift; path = AppLifecycleTask.swift; sourceTree = "<group>"; };
		5796491E452623E06E28E03D /* ExecuTorchRuntime.swift */ = {isa = PBXFileReference; lastKnownFileType = sourcecode.swift; path = ExecuTorchRuntime.swift; sourceTree = "<group>"; };
		5A630487B5DC89F2FAAD6F77 /* HistoryView.swift */ = {isa = PBXFileReference; lastKnownFileType = sourcecode.swift; path = HistoryView.swift; sourceTree = "<group>"; };
		6029F5F1E404B808186464A0 /* CameraFrameProvider.swift */ = {isa = PBXFileReference; lastKnownFileType = sourcecode.swift; path = CameraFrameProvider.swift; sourceTree = "<group>"; };
		61F888DBA5BD12390F52A6C1 /* ResultDetailView.swift */ = {isa = PBXFileReference; lastKnownFileType = sourcecode.swift; path = ResultDetailView.swift; sourceTree = "<group>"; };
		68A5B5091D126AD8D0070595 /* cactus-ios.xcframework */ = {isa = PBXFileReference; lastKnownFileType = wrapper.xcframework; name = "cactus-ios.xcframework"; path = "Vendored/cactus-ios.xcframework"; sourceTree = "<group>"; };
		6C7649F0F82B4FB9E3302A2E /* Info.plist */ = {isa = PBXFileReference; lastKnownFileType = text.plist; path = Info.plist; sourceTree = "<group>"; };
		6F781CE30BEF29621CEEEA6D /* DeviceSnapshot.swift */ = {isa = PBXFileReference; lastKnownFileType = sourcecode.swift; path = DeviceSnapshot.swift; sourceTree = "<group>"; };
		7255540E1FBC1C9A00D1B79D /* LongContextTask.swift */ = {isa = PBXFileReference; lastKnownFileType = sourcecode.swift; path = LongContextTask.swift; sourceTree = "<group>"; };
		792C2E3AC72CF8B4BEB44905 /* AboutView.swift */ = {isa = PBXFileReference; lastKnownFileType = sourcecode.swift; path = AboutView.swift; sourceTree = "<group>"; };
		870BAAAE3553DCA0BD264DAB /* EnginePins.swift */ = {isa = PBXFileReference; lastKnownFileType = sourcecode.swift; path = EnginePins.swift; sourceTree = "<group>"; };
		8EDF087646C12FA2D9E15BDB /* engine-pins.json */ = {isa = PBXFileReference; lastKnownFileType = text.json; path = "engine-pins.json"; sourceTree = "<group>"; };
		909FC1D2D7823F1B305782D5 /* LiteRT-LM */ = {isa = PBXFileReference; lastKnownFileType = folder; name = "LiteRT-LM"; path = "Vendored/LiteRT-LM"; sourceTree = SOURCE_ROOT; };
		922645BAD868D4E40C0F1BFE /* BenchmarkApp.app */ = {isa = PBXFileReference; includeInIndex = 0; lastKnownFileType = wrapper.application; path = BenchmarkApp.app; sourceTree = BUILT_PRODUCTS_DIR; };
		96466C3DE5B8566C246CD2F6 /* CoreMLVLMRuntime.swift */ = {isa = PBXFileReference; lastKnownFileType = sourcecode.swift; path = CoreMLVLMRuntime.swift; sourceTree = "<group>"; };
		974742A43AD5DBC77BF1B10F /* MemoryMonitor.swift */ = {isa = PBXFileReference; lastKnownFileType = sourcecode.swift; path = MemoryMonitor.swift; sourceTree = "<group>"; };
		9B3EC9056FE48CF26C9D8A9A /* BenchmarkRunner.swift */ = {isa = PBXFileReference; lastKnownFileType = sourcecode.swift; path = BenchmarkRunner.swift; sourceTree = "<group>"; };
		9BF3640AE1811511C0E152D2 /* EnergyMonitor.swift */ = {isa = PBXFileReference; lastKnownFileType = sourcecode.swift; path = EnergyMonitor.swift; sourceTree = "<group>"; };
		9F1A34819FABEE4FF6B9335B /* QualityTask.swift */ = {isa = PBXFileReference; lastKnownFileType = sourcecode.swift; path = QualityTask.swift; sourceTree = "<group>"; };
		A13CB1C2963403C317092011 /* BenchmarkResult.swift */ = {isa = PBXFileReference; lastKnownFileType = sourcecode.swift; path = BenchmarkResult.swift; sourceTree = "<group>"; };
		AD09B33052B04498B057FDFD /* CactusParityTask.swift */ = {isa = PBXFileReference; lastKnownFileType = sourcecode.swift; path = CactusParityTask.swift; sourceTree = "<group>"; };
		B28F7C6C8FDC9D1EB5410B81 /* MediaPipeRuntime.swift */ = {isa = PBXFileReference; lastKnownFileType = sourcecode.swift; path = MediaPipeRuntime.swift; sourceTree = "<group>"; };
		B3E317103BAF50EF1459B031 /* CoreAIRuntime.swift */ = {isa = PBXFileReference; lastKnownFileType = sourcecode.swift; path = CoreAIRuntime.swift; sourceTree = "<group>"; };
		BCD1F7374B15803BD70C1FAD /* CameraVLMView.swift */ = {isa = PBXFileReference; lastKnownFileType = sourcecode.swift; path = CameraVLMView.swift; sourceTree = "<group>"; };
		BCE8C9D0B0DE1BFB887E7F79 /* ShortChatTask.swift */ = {isa = PBXFileReference; lastKnownFileType = sourcecode.swift; path = ShortChatTask.swift; sourceTree = "<group>"; };
		C09923CFD1E327C7E911CF75 /* RuntimeKind.swift */ = {isa = PBXFileReference; lastKnownFileType = sourcecode.swift; path = RuntimeKind.swift; sourceTree = "<group>"; };
		C4CF6BD224EFADC21BADA546 /* CactusRuntime.swift */ = {isa = PBXFileReference; lastKnownFileType = sourcecode.swift; path = CactusRuntime.swift; sourceTree = "<group>"; };
		CE5B87B57E047B7261DEC4E0 /* VLMRuntime.swift */ = {isa = PBXFileReference; lastKnownFileType = sourcecode.swift; path = VLMRuntime.swift; sourceTree = "<group>"; };
		D1FBB9EEBA369E27F5E3CD53 /* EnduranceSession.swift */ = {isa = PBXFileReference; lastKnownFileType = sourcecode.swift; path = EnduranceSession.swift; sourceTree = "<group>"; };
		D39163EB356956C86564C9F7 /* MLXRuntime.swift */ = {isa = PBXFileReference; lastKnownFileType = sourcecode.swift; path = MLXRuntime.swift; sourceTree = "<group>"; };
		D4CE5DEEC42E61B6CCFF33F4 /* ANEResidency.swift */ = {isa = PBXFileReference; lastKnownFileType = sourcecode.swift; path = ANEResidency.swift; sourceTree = "<group>"; };
		D668F463A00B73717909816C /* VLMRunResult.swift */ = {isa = PBXFileReference; lastKnownFileType = sourcecode.swift; path = VLMRunResult.swift; sourceTree = "<group>"; };
		D70C3EAF2248579F377BDC63 /* BenchmarkTask.swift */ = {isa = PBXFileReference; lastKnownFileType = sourcecode.swift; path = BenchmarkTask.swift; sourceTree = "<group>"; };
		D93B57E15C7C37D239CE3DC0 /* MLXBridges.swift */ = {isa = PBXFileReference; lastKnownFileType = sourcecode.swift; path = MLXBridges.swift; sourceTree = "<group>"; };
		DC8FBE625D69AAD3616FC943 /* ModelCatalog.swift */ = {isa = PBXFileReference; lastKnownFileType = sourcecode.swift; path = ModelCatalog.swift; sourceTree = "<group>"; };
		E0B03F5BD3F0EE6057F5F067 /* MLXVLMRuntime.swift */ = {isa = PBXFileReference; lastKnownFileType = sourcecode.swift; path = MLXVLMRuntime.swift; sourceTree = "<group>"; };
		E45C5530CD8D2469819EBF63 /* LlamaCppRuntime.swift */ = {isa = PBXFileReference; lastKnownFileType = sourcecode.swift; path = LlamaCppRuntime.swift; sourceTree = "<group>"; };
		F3A3C44736BAB49976080245 /* RootView.swift */ = {isa = PBXFileReference; lastKnownFileType = sourcecode.swift; path = RootView.swift; sourceTree = "<group>"; };
		F9D95B7C2D90967DB6A912FB /* RunView.swift */ = {isa = PBXFileReference; lastKnownFileType = sourcecode.swift; path = RunView.swift; sourceTree = "<group>"; };
		FB38438FE43E8854CF31DBC9 /* AnemllRuntime.swift */ = {isa = PBXFileReference; lastKnownFileType = sourcecode.swift; path = AnemllRuntime.swift; sourceTree = "<group>"; };
/* End PBXFileReference section */

/* Begin PBXFrameworksBuildPhase section */
		1ACBF3920AD757196EE43831 /* Frameworks */ = {
			isa = PBXFrameworksBuildPhase;
			buildActionMask = 2147483647;
			files = (
				3D74A87D00D81E7D8ABCD33F /* MLXLLM in Frameworks */,
				4E9A3BF5AA0A2971B8DE03C2 /* MLXVLM in Frameworks */,
				52D2E0E2F567CF414490F992 /* MLXLMCommon in Frameworks */,
				F3AB00123317017255D05E91 /* HuggingFace in Frameworks */,
				4A1EDB212E1C623B5BFCBB5C /* Transformers in Frameworks */,
				BFC12CA0DF21D86B86C58657 /* executorch in Frameworks */,
				5FF09ABF143F6569F6E9303E /* executorch_llm in Frameworks */,
				1D69A0376D7770B00C64AFA9 /* backend_xnnpack in Frameworks */,
				BB2B06C21E80724A936F2988 /* kernels_llm in Frameworks */,
				DF36935FB1804062ED47DCBE /* kernels_optimized in Frameworks */,
				3A1152BD3888FB03184B01B8 /* kernels_quantized in Frameworks */,
				1D72907A4002C405D63E1D0D /* AnemllCore in Frameworks */,
				64737A33400496A96E3840D1 /* LiteRTLM in Frameworks */,
				14C726C56B09F9051B4AB461 /* llama.xcframework in Frameworks */,
				4432AE37A16885B5F33AF2F2 /* cactus-ios.xcframework in Frameworks */,
			);
			runOnlyForDeploymentPostprocessing = 0;
		};
/* End PBXFrameworksBuildPhase section */

/* Begin PBXGroup section */
		0D4E07F65535BAE35A4FE3F9 /* Vision */ = {
			isa = PBXGroup;
			children = (
				6029F5F1E404B808186464A0 /* CameraFrameProvider.swift */,
				55B0B22845CD53EB52FFBD8E /* CameraVLMRunner.swift */,
			);
			path = Vision;
			sourceTree = "<group>";
		};
		2A03D6F6A17B065CED479FDE /* Packages */ = {
			isa = PBXGroup;
			children = (
				4338FBCD0FEB69713004DBB7 /* anemll-swift-cli */,
				909FC1D2D7823F1B305782D5 /* LiteRT-LM */,
			);
			name = Packages;
			sourceTree = "<group>";
		};
		7984FC4E9B5B1ADBE4BF4013 /* Tasks */ = {
			isa = PBXGroup;
			children = (
				5629BD5F76F2D7DD988B85A4 /* AppLifecycleTask.swift */,
				AD09B33052B04498B057FDFD /* CactusParityTask.swift */,
				3742814E1A85AA3F73E47988 /* EnduranceChatTask.swift */,
				7255540E1FBC1C9A00D1B79D /* LongContextTask.swift */,
				9F1A34819FABEE4FF6B9335B /* QualityTask.swift */,
				BCE8C9D0B0DE1BFB887E7F79 /* ShortChatTask.swift */,
				2907B9F33EDC6B0C0A0B0371 /* SustainedGenerationTask.swift */,
			);
			path = Tasks;
			sourceTree = "<group>";
		};
		9EF87DE9851E8F6F864066C0 /* Benchmark */ = {
			isa = PBXGroup;
			children = (
				D4CE5DEEC42E61B6CCFF33F4 /* ANEResidency.swift */,
				9B3EC9056FE48CF26C9D8A9A /* BenchmarkRunner.swift */,
				D70C3EAF2248579F377BDC63 /* BenchmarkTask.swift */,
				24B77EFAAF7FB40FABE965E4 /* CameraVLMTask.swift */,
				D1FBB9EEBA369E27F5E3CD53 /* EnduranceSession.swift */,
				9BF3640AE1811511C0E152D2 /* EnergyMonitor.swift */,
				974742A43AD5DBC77BF1B10F /* MemoryMonitor.swift */,
				4B0D2BFE7EA64AFA6935F09E /* ResultStore.swift */,
				17E3A2A1A75E34F46927BD89 /* ThermalMonitor.swift */,
				7984FC4E9B5B1ADBE4BF4013 /* Tasks */,
			);
			path = Benchmark;
			sourceTree = "<group>";
		};
		BF451E71245FA4D586A2AA9C /* Models */ = {
			isa = PBXGroup;
			children = (
				A13CB1C2963403C317092011 /* BenchmarkResult.swift */,
				6F781CE30BEF29621CEEEA6D /* DeviceSnapshot.swift */,
				870BAAAE3553DCA0BD264DAB /* EnginePins.swift */,
				DC8FBE625D69AAD3616FC943 /* ModelCatalog.swift */,
				C09923CFD1E327C7E911CF75 /* RuntimeKind.swift */,
				D668F463A00B73717909816C /* VLMRunResult.swift */,
			);
			path = Models;
			sourceTree = "<group>";
		};
		D799473CE0468B17001AD669 /* Sources */ = {
			isa = PBXGroup;
			children = (
				2DD1A9188CE4DE1E662CDF5A /* Assets.xcassets */,
				29C3407E389CB7A820E0DF5F /* BenchmarkApp.swift */,
				6C7649F0F82B4FB9E3302A2E /* Info.plist */,
				9EF87DE9851E8F6F864066C0 /* Benchmark */,
				BF451E71245FA4D586A2AA9C /* Models */,
				F63694EBFE99B734D2C61FE9 /* Runtimes */,
				D921E661B21921A5667593D3 /* Views */,
				0D4E07F65535BAE35A4FE3F9 /* Vision */,
			);
			path = Sources;
			sourceTree = "<group>";
		};
		D921E661B21921A5667593D3 /* Views */ = {
			isa = PBXGroup;
			children = (
				792C2E3AC72CF8B4BEB44905 /* AboutView.swift */,
				BCD1F7374B15803BD70C1FAD /* CameraVLMView.swift */,
				5A630487B5DC89F2FAAD6F77 /* HistoryView.swift */,
				61F888DBA5BD12390F52A6C1 /* ResultDetailView.swift */,
				F3A3C44736BAB49976080245 /* RootView.swift */,
				F9D95B7C2D90967DB6A912FB /* RunView.swift */,
			);
			path = Views;
			sourceTree = "<group>";
		};
		DCCB218FDEE0B5205038F460 /* Products */ = {
			isa = PBXGroup;
			children = (
				922645BAD868D4E40C0F1BFE /* BenchmarkApp.app */,
			);
			name = Products;
			sourceTree = "<group>";
		};
		EB3F69C848A4C223D34B5841 = {
			isa = PBXGroup;
			children = (
				2A03D6F6A17B065CED479FDE /* Packages */,
				D799473CE0468B17001AD669 /* Sources */,
				F41B227D5C377F5D0E5D408B /* Vendored */,
				F21DCC17DC22C9109583CE9D /* Frameworks */,
				DCCB218FDEE0B5205038F460 /* Products */,
			);
			sourceTree = "<group>";
		};
		F21DCC17DC22C9109583CE9D /* Frameworks */ = {
			isa = PBXGroup;
			children = (
				68A5B5091D126AD8D0070595 /* cactus-ios.xcframework */,
				1FE915061AAB6815CA469C97 /* llama.xcframework */,
			);
			name = Frameworks;
			sourceTree = "<group>";
		};
		F41B227D5C377F5D0E5D408B /* Vendored */ = {
			isa = PBXGroup;
			children = (
				8EDF087646C12FA2D9E15BDB /* engine-pins.json */,
			);
			path = Vendored;
			sourceTree = "<group>";
		};
		F63694EBFE99B734D2C61FE9 /* Runtimes */ = {
			isa = PBXGroup;
			children = (
				FB38438FE43E8854CF31DBC9 /* AnemllRuntime.swift */,
				139978BEEAB964DF658A1B24 /* AppleFMRuntime.swift */,
				C4CF6BD224EFADC21BADA546 /* CactusRuntime.swift */,
				B3E317103BAF50EF1459B031 /* CoreAIRuntime.swift */,
				312631C163B36FD6DCF29423 /* CoreMLRuntime.swift */,
				96466C3DE5B8566C246CD2F6 /* CoreMLVLMRuntime.swift */,
				5796491E452623E06E28E03D /* ExecuTorchRuntime.swift */,
				143949B0D446B603C1374CE5 /* HFDownloader.swift */,
				E45C5530CD8D2469819EBF63 /* LlamaCppRuntime.swift */,
				554DAD9446ABAC7279559974 /* LLMRuntime.swift */,
				B28F7C6C8FDC9D1EB5410B81 /* MediaPipeRuntime.swift */,
				D93B57E15C7C37D239CE3DC0 /* MLXBridges.swift */,
				D39163EB356956C86564C9F7 /* MLXRuntime.swift */,
				E0B03F5BD3F0EE6057F5F067 /* MLXVLMRuntime.swift */,
				CE5B87B57E047B7261DEC4E0 /* VLMRuntime.swift */,
			);
			path = Runtimes;
			sourceTree = "<group>";
		};
/* End PBXGroup section */

/* Begin PBXNativeTarget section */
		D5A3C9003D12858013894E8A /* BenchmarkApp */ = {
			isa = PBXNativeTarget;
			buildConfigurationList = 0494871B5BDED5EC3A0A631D /* Build configuration list for PBXNativeTarget "BenchmarkApp" */;
			buildPhases = (
				488D27ED6AC49572CC97502D /* Stamp engine pins */,
				3DB57D000D062E1CF56CAF59 /* Sources */,
				52718BBE238265C449B8BABD /* Resources */,
				1ACBF3920AD757196EE43831 /* Frameworks */,
				7E2ED512BF109515B74CDADA /* Embed Frameworks */,
			);
			buildRules = (
			);
			dependencies = (
			);
			name = BenchmarkApp;
			packageProductDependencies = (
				74FE0CD26EE5473634CD58D9 /* MLXLLM */,
				76A52538F7DD5986B5A60B25 /* MLXVLM */,
				C4813A5EF45479639CF7D754 /* MLXLMCommon */,
				1E7C37B0B52A30E47EDD845D /* HuggingFace */,
				89F44DA9C517202792DDD18F /* Transformers */,
				F9CDB90F70270732FAB3EA8B /* executorch */,
				CA62830B4E888617D9B916AA /* executorch_llm */,
				D3B056F36440366F51D7BBD3 /* backend_xnnpack */,
				452687CFE7A1F9FB1F4F9F8E /* kernels_llm */,
				48207E88DA3679DED258FDA7 /* kernels_optimized */,
				D676A9BF0CF6F59AA4FB6A14 /* kernels_quantized */,
				24B6CC1892E76D130B9ACDE5 /* AnemllCore */,
				947526936AA6F29EE4E3EDAD /* LiteRTLM */,
			);
			productName = BenchmarkApp;
			productReference = 922645BAD868D4E40C0F1BFE /* BenchmarkApp.app */;
			productType = "com.apple.product-type.application";
		};
/* End PBXNativeTarget section */

/* Begin PBXProject section */
		7C01C54A1A1B98D635CDCC67 /* Project object */ = {
			isa = PBXProject;
			attributes = {
				BuildIndependentTargetsInParallel = YES;
				LastUpgradeCheck = 1430;
				TargetAttributes = {
					D5A3C9003D12858013894E8A = {
						DevelopmentTeam = "";
						ProvisioningStyle = Automatic;
					};
				};
			};
			buildConfigurationList = ED744F9297CCAFA67630612A /* Build configuration list for PBXProject "BenchmarkApp-executorch" */;
			compatibilityVersion = "Xcode 14.0";
			developmentRegion = en;
			hasScannedForEncodings = 0;
			knownRegions = (
				Base,
				en,
			);
			mainGroup = EB3F69C848A4C223D34B5841;
			minimizedProjectReferenceProxies = 1;
			packageReferences = (
				C0CDB8264B7756A8F9BA07A0 /* XCRemoteSwiftPackageReference "executorch" */,
				1DD4B8EF6B4EA4DCFEB9AF3A /* XCRemoteSwiftPackageReference "mlx-swift" */,
				E20051C3B59E366157DE5410 /* XCRemoteSwiftPackageReference "mlx-swift-lm" */,
				F564D44801C1BE5A285BDFD8 /* XCRemoteSwiftPackageReference "swift-huggingface" */,
				DA1AC2CDF6B24E6328272DFB /* XCRemoteSwiftPackageReference "swift-transformers" */,
				51447F358BA0C85499026C7F /* XCLocalSwiftPackageReference "Vendored/Anemll/anemll-swift-cli" */,
				C68F4C0490B456C8E1A6C2ED /* XCLocalSwiftPackageReference "Vendored/LiteRT-LM" */,
			);
			preferredProjectObjectVersion = 77;
			projectDirPath = "";
			projectRoot = "";
			targets = (
				D5A3C9003D12858013894E8A /* BenchmarkApp */,
			);
		};
/* End PBXProject section */

/* Begin PBXResourcesBuildPhase section */
		52718BBE238265C449B8BABD /* Resources */ = {
			isa = PBXResourcesBuildPhase;
			buildActionMask = 2147483647;
			files = (
				A496A628CB60AF578D2741A5 /* Assets.xcassets in Resources */,
				382986280BC9836B65AE9968 /* engine-pins.json in Resources */,
			);
			runOnlyForDeploymentPostprocessing = 0;
		};
/* End PBXResourcesBuildPhase section */

/* Begin PBXShellScriptBuildPhase section */
		488D27ED6AC49572CC97502D /* Stamp engine pins */ = {
			isa = PBXShellScriptBuildPhase;
			alwaysOutOfDate = 1;
			buildActionMask = 2147483647;
			files = (
			);
			inputFileListPaths = (
			);
			inputPaths = (
			);
			name = "Stamp engine pins";
			outputFileListPaths = (
			);
			outputPaths = (
				"$(SRCROOT)/Vendored/engine-pins.json",
			);
			runOnlyForDeploymentPostprocessing = 0;
			shellPath = /bin/sh;
			shellScript = "set -e\n\"$SRCROOT/scripts/stamp_engine_pins.sh\"\nET_CHECKOUT=\"${BUILD_DIR%/Build/*}/SourcePackages/checkouts/executorch\"\nif [ ! -f \"$ET_CHECKOUT/Package.swift\" ]; then\n  echo \"warning: no executorch checkout at $ET_CHECKOUT - the rows carry no executorch pin\"\n  exit 0\nfi\n/usr/bin/python3 - \"$ET_CHECKOUT\" \"$SRCROOT/Vendored/engine-pins.json\" <<'PY'\nimport json, re, subprocess, sys\ncheckout, pins_path = sys.argv[1], sys.argv[2]\nsrc = open(checkout + \"/Package.swift\").read()\nversion = re.search(r'^let version = \"([0-9][^\"]*)\"', src, re.M).group(1)\nrev = subprocess.run([\"git\", \"-C\", checkout, \"rev-parse\", \"HEAD\"], check=True,\n                     capture_output=True, text=True).stdout.strip()\nsums = dict(re.findall(r'\"(\\w+)\": \\[\\s*\"sha256\": \"([0-9a-f]{64})\"', src))\nlinked = [\"executorch_llm\", \"executorch\", \"backend_xnnpack\", \"kernels_llm\",\n          \"kernels_optimized\", \"kernels_quantized\", \"threadpool\"]\nmissing = [n for n in linked if n not in sums]\nif missing or not re.fullmatch(r\"[0-9a-f]{40}\", rev):\n    sys.exit(f\"executorch pin: unreadable checkout {checkout} (rev {rev!r}, no checksum for {missing})\")\npins = json.load(open(pins_path))\npins[\"executorch\"] = {\n    \"version\": \"v\" + version,\n    \"artifact\": f\"executorch SwiftPM {rev[:12]}: \" + \", \".join(\n        f\"{n}-{version}.zip sha256:{sums[n][:12]}\" for n in linked)}\njson.dump(pins, open(pins_path, \"w\"), indent=4)\nprint(\"engine pins + executorch v\" + version + \" @\" + rev[:12])\nPY\n";
		};
/* End PBXShellScriptBuildPhase section */

/* Begin PBXSourcesBuildPhase section */
		3DB57D000D062E1CF56CAF59 /* Sources */ = {
			isa = PBXSourcesBuildPhase;
			buildActionMask = 2147483647;
			files = (
				5D3FCE0DAD0B291C0DDFC5F6 /* ANEResidency.swift in Sources */,
				4C9065F85A72B967BCFC50AA /* AboutView.swift in Sources */,
				FABC774E26E2C6198765B6B6 /* AnemllRuntime.swift in Sources */,
				AEAB8907346EC550686DA745 /* AppLifecycleTask.swift in Sources */,
				0FEACEFDAA00F0E0F7F9FE30 /* AppleFMRuntime.swift in Sources */,
				C7F5FE12A593A202514AE6F3 /* BenchmarkApp.swift in Sources */,
				93FF7820A9FA76C7228560E5 /* BenchmarkResult.swift in Sources */,
				8311BACB03DD07B0C4DF7DA3 /* BenchmarkRunner.swift in Sources */,
				E848E5B98A127346EB107571 /* BenchmarkTask.swift in Sources */,
				C7FF18C2A7253F06AEF1D6A8 /* CactusParityTask.swift in Sources */,
				BA1E6A6187776BB6EA47A1BE /* CactusRuntime.swift in Sources */,
				1905B7E72CFD5517903AC4C7 /* CameraFrameProvider.swift in Sources */,
				1E35B92106E961327FD8DC80 /* CameraVLMRunner.swift in Sources */,
				85B4D5AA71B920596D9E16E0 /* CameraVLMTask.swift in Sources */,
				F46AAF72932B9FDDA017274F /* CameraVLMView.swift in Sources */,
				52B806D2F1BA35BE4120B8B3 /* CoreAIRuntime.swift in Sources */,
				31C278C5D54A798D1F236CB3 /* CoreMLRuntime.swift in Sources */,
				FA94AB26EA900EAE477A1543 /* CoreMLVLMRuntime.swift in Sources */,
				36899BBA15BAFE1CE1CC8A65 /* DeviceSnapshot.swift in Sources */,
				4714D1296181DD53D038361F /* EnduranceChatTask.swift in Sources */,
				8327A24F89FB655386263E84 /* EnduranceSession.swift in Sources */,
				D372F0FBEF9178CD0074E4FA /* EnergyMonitor.swift in Sources */,
				57AF75DEE1C10E8BCD8C11CD /* EnginePins.swift in Sources */,
				94A1DCEF7D973AE882E3C6AD /* ExecuTorchRuntime.swift in Sources */,
				B06E843C9D661E4CDAFF7970 /* HFDownloader.swift in Sources */,
				465459260A138E9C04799FAD /* HistoryView.swift in Sources */,
				BA3CCE4B6684297CC33F874D /* LLMRuntime.swift in Sources */,
				A700E95798A51831548BE94A /* LlamaCppRuntime.swift in Sources */,
				2438896D2861B16A70B3C744 /* LongContextTask.swift in Sources */,
				242C5E8FA88C97C3853A24BA /* MLXBridges.swift in Sources */,
				392365BDE87C2978C6EA7A11 /* MLXRuntime.swift in Sources */,
				EADBC607C27E0485F42B81BB /* MLXVLMRuntime.swift in Sources */,
				7DACE7D57CF47715E72509DA /* MediaPipeRuntime.swift in Sources */,
				9EDCDE9A0DEB3C12F42097E5 /* MemoryMonitor.swift in Sources */,
				29B80034A2D9B2560AC962D0 /* ModelCatalog.swift in Sources */,
				6C0CC83B9C54162A24BFCE85 /* QualityTask.swift in Sources */,
				C6284F1A1C0DBE7A38F38CD9 /* ResultDetailView.swift in Sources */,
				859970B6E15587CA89888F8F /* ResultStore.swift in Sources */,
				F7379BDA45E2358A0781367D /* RootView.swift in Sources */,
				F102AFC6DCADDEDC8420291D /* RunView.swift in Sources */,
				1FFBC6B224B9C5B2FA601240 /* RuntimeKind.swift in Sources */,
				9FB8F6912FBA5E03033D6081 /* ShortChatTask.swift in Sources */,
				0188728818CC5CEA56062272 /* SustainedGenerationTask.swift in Sources */,
				9CF067845FC66592E1B4DD8B /* ThermalMonitor.swift in Sources */,
				D0FB4719494E6CB2F6BB27F0 /* VLMRunResult.swift in Sources */,
				6CC83D07D7D7844D9E9B4856 /* VLMRuntime.swift in Sources */,
			);
			runOnlyForDeploymentPostprocessing = 0;
		};
/* End PBXSourcesBuildPhase section */

/* Begin XCBuildConfiguration section */
		0D771D61270BA5C2E91450AF /* Release */ = {
			isa = XCBuildConfiguration;
			buildSettings = {
				ALWAYS_SEARCH_USER_PATHS = NO;
				CLANG_ANALYZER_NONNULL = YES;
				CLANG_ANALYZER_NUMBER_OBJECT_CONVERSION = YES_AGGRESSIVE;
				CLANG_CXX_LANGUAGE_STANDARD = "gnu++14";
				CLANG_CXX_LIBRARY = "libc++";
				CLANG_ENABLE_MODULES = YES;
				CLANG_ENABLE_OBJC_ARC = YES;
				CLANG_ENABLE_OBJC_WEAK = YES;
				CLANG_WARN_BLOCK_CAPTURE_AUTORELEASING = YES;
				CLANG_WARN_BOOL_CONVERSION = YES;
				CLANG_WARN_COMMA = YES;
				CLANG_WARN_CONSTANT_CONVERSION = YES;
				CLANG_WARN_DEPRECATED_OBJC_IMPLEMENTATIONS = YES;
				CLANG_WARN_DIRECT_OBJC_ISA_USAGE = YES_ERROR;
				CLANG_WARN_DOCUMENTATION_COMMENTS = YES;
				CLANG_WARN_EMPTY_BODY = YES;
				CLANG_WARN_ENUM_CONVERSION = YES;
				CLANG_WARN_INFINITE_RECURSION = YES;
				CLANG_WARN_INT_CONVERSION = YES;
				CLANG_WARN_NON_LITERAL_NULL_CONVERSION = YES;
				CLANG_WARN_OBJC_IMPLICIT_RETAIN_SELF = YES;
				CLANG_WARN_OBJC_LITERAL_CONVERSION = YES;
				CLANG_WARN_OBJC_ROOT_CLASS = YES_ERROR;
				CLANG_WARN_QUOTED_INCLUDE_IN_FRAMEWORK_HEADER = YES;
				CLANG_WARN_RANGE_LOOP_ANALYSIS = YES;
				CLANG_WARN_STRICT_PROTOTYPES = YES;
				CLANG_WARN_SUSPICIOUS_MOVE = YES;
				CLANG_WARN_UNGUARDED_AVAILABILITY = YES_AGGRESSIVE;
				CLANG_WARN_UNREACHABLE_CODE = YES;
				CLANG_WARN__DUPLICATE_METHOD_MATCH = YES;
				CODE_SIGN_STYLE = Automatic;
				COPY_PHASE_STRIP = NO;
				DEBUG_INFORMATION_FORMAT = "dwarf-with-dsym";
				DEVELOPMENT_TEAM = "";
				ENABLE_NS_ASSERTIONS = NO;
				ENABLE_STRICT_OBJC_MSGSEND = YES;
				ENABLE_USER_SCRIPT_SANDBOXING = NO;
				GCC_C_LANGUAGE_STANDARD = gnu11;
				GCC_NO_COMMON_BLOCKS = YES;
				GCC_WARN_64_TO_32_BIT_CONVERSION = YES;
				GCC_WARN_ABOUT_RETURN_TYPE = YES_ERROR;
				GCC_WARN_UNDECLARED_SELECTOR = YES;
				GCC_WARN_UNINITIALIZED_AUTOS = YES_AGGRESSIVE;
				GCC_WARN_UNUSED_FUNCTION = YES;
				GCC_WARN_UNUSED_VARIABLE = YES;
				IPHONEOS_DEPLOYMENT_TARGET = 18.0;
				MACOSX_DEPLOYMENT_TARGET = 14.0;
				MTL_ENABLE_DEBUG_INFO = NO;
				MTL_FAST_MATH = YES;
				PRODUCT_NAME = "$(TARGET_NAME)";
				SDKROOT = iphoneos;
				SWIFT_COMPILATION_MODE = wholemodule;
				SWIFT_OPTIMIZATION_LEVEL = "-O";
				SWIFT_STRICT_CONCURRENCY = minimal;
				SWIFT_VERSION = 6.0;
			};
			name = Release;
		};
		52BEB98D3CF25D3B461ACF9D /* Debug */ = {
			isa = XCBuildConfiguration;
			buildSettings = {
				ALWAYS_SEARCH_USER_PATHS = NO;
				CLANG_ANALYZER_NONNULL = YES;
				CLANG_ANALYZER_NUMBER_OBJECT_CONVERSION = YES_AGGRESSIVE;
				CLANG_CXX_LANGUAGE_STANDARD = "gnu++14";
				CLANG_CXX_LIBRARY = "libc++";
				CLANG_ENABLE_MODULES = YES;
				CLANG_ENABLE_OBJC_ARC = YES;
				CLANG_ENABLE_OBJC_WEAK = YES;
				CLANG_WARN_BLOCK_CAPTURE_AUTORELEASING = YES;
				CLANG_WARN_BOOL_CONVERSION = YES;
				CLANG_WARN_COMMA = YES;
				CLANG_WARN_CONSTANT_CONVERSION = YES;
				CLANG_WARN_DEPRECATED_OBJC_IMPLEMENTATIONS = YES;
				CLANG_WARN_DIRECT_OBJC_ISA_USAGE = YES_ERROR;
				CLANG_WARN_DOCUMENTATION_COMMENTS = YES;
				CLANG_WARN_EMPTY_BODY = YES;
				CLANG_WARN_ENUM_CONVERSION = YES;
				CLANG_WARN_INFINITE_RECURSION = YES;
				CLANG_WARN_INT_CONVERSION = YES;
				CLANG_WARN_NON_LITERAL_NULL_CONVERSION = YES;
				CLANG_WARN_OBJC_IMPLICIT_RETAIN_SELF = YES;
				CLANG_WARN_OBJC_LITERAL_CONVERSION = YES;
				CLANG_WARN_OBJC_ROOT_CLASS = YES_ERROR;
				CLANG_WARN_QUOTED_INCLUDE_IN_FRAMEWORK_HEADER = YES;
				CLANG_WARN_RANGE_LOOP_ANALYSIS = YES;
				CLANG_WARN_STRICT_PROTOTYPES = YES;
				CLANG_WARN_SUSPICIOUS_MOVE = YES;
				CLANG_WARN_UNGUARDED_AVAILABILITY = YES_AGGRESSIVE;
				CLANG_WARN_UNREACHABLE_CODE = YES;
				CLANG_WARN__DUPLICATE_METHOD_MATCH = YES;
				CODE_SIGN_STYLE = Automatic;
				COPY_PHASE_STRIP = NO;
				DEBUG_INFORMATION_FORMAT = dwarf;
				DEVELOPMENT_TEAM = "";
				ENABLE_STRICT_OBJC_MSGSEND = YES;
				ENABLE_TESTABILITY = YES;
				ENABLE_USER_SCRIPT_SANDBOXING = NO;
				GCC_C_LANGUAGE_STANDARD = gnu11;
				GCC_DYNAMIC_NO_PIC = NO;
				GCC_NO_COMMON_BLOCKS = YES;
				GCC_OPTIMIZATION_LEVEL = 0;
				GCC_PREPROCESSOR_DEFINITIONS = (
					"$(inherited)",
					"DEBUG=1",
				);
				GCC_WARN_64_TO_32_BIT_CONVERSION = YES;
				GCC_WARN_ABOUT_RETURN_TYPE = YES_ERROR;
				GCC_WARN_UNDECLARED_SELECTOR = YES;
				GCC_WARN_UNINITIALIZED_AUTOS = YES_AGGRESSIVE;
				GCC_WARN_UNUSED_FUNCTION = YES;
				GCC_WARN_UNUSED_VARIABLE = YES;
				IPHONEOS_DEPLOYMENT_TARGET = 18.0;
				MACOSX_DEPLOYMENT_TARGET = 14.0;
				MTL_ENABLE_DEBUG_INFO = INCLUDE_SOURCE;
				MTL_FAST_MATH = YES;
				ONLY_ACTIVE_ARCH = YES;
				PRODUCT_NAME = "$(TARGET_NAME)";
				SDKROOT = iphoneos;
				SWIFT_ACTIVE_COMPILATION_CONDITIONS = DEBUG;
				SWIFT_OPTIMIZATION_LEVEL = "-Onone";
				SWIFT_STRICT_CONCURRENCY = minimal;
				SWIFT_VERSION = 6.0;
			};
			name = Debug;
		};
		A302E7B5500291EC9F8A2321 /* Debug */ = {
			isa = XCBuildConfiguration;
			buildSettings = {
				ASSETCATALOG_COMPILER_APPICON_NAME = AppIcon;
				ASSETCATALOG_COMPILER_GLOBAL_ACCENT_COLOR_NAME = AccentColor;
				CODE_SIGN_ENTITLEMENTS = BenchmarkApp.entitlements;
				CODE_SIGN_IDENTITY = "iPhone Developer";
				ENABLE_USER_SCRIPT_SANDBOXING = NO;
				"ET_PLATFORM[sdk=iphoneos*]" = ios;
				"ET_PLATFORM[sdk=iphonesimulator*]" = simulator;
				FRAMEWORK_SEARCH_PATHS = (
					"$(inherited)",
					"\"Vendored\"",
				);
				INFOPLIST_FILE = Sources/Info.plist;
				IPHONEOS_DEPLOYMENT_TARGET = 27.0;
				LD_RUNPATH_SEARCH_PATHS = (
					"$(inherited)",
					"@executable_path/Frameworks",
				);
				OTHER_LDFLAGS = (
					"-ObjC",
					"-force_load",
					"$(BUILT_PRODUCTS_DIR)/libexecutorch_$(ET_PLATFORM).a",
					"-force_load",
					"$(BUILT_PRODUCTS_DIR)/libbackend_xnnpack_$(ET_PLATFORM).a",
					"-force_load",
					"$(BUILT_PRODUCTS_DIR)/libkernels_llm_$(ET_PLATFORM).a",
					"-force_load",
					"$(BUILT_PRODUCTS_DIR)/libkernels_optimized_$(ET_PLATFORM).a",
					"-force_load",
					"$(BUILT_PRODUCTS_DIR)/libkernels_quantized_$(ET_PLATFORM).a",
				);
				PRODUCT_BUNDLE_IDENTIFIER = com.iosllmbenchmark.benchmarkapp;
				SDKROOT = iphoneos;
				SWIFT_ACTIVE_COMPILATION_CONDITIONS = "$(inherited)";
				SWIFT_STRICT_CONCURRENCY = minimal;
				TARGETED_DEVICE_FAMILY = "1,2";
			};
			name = Debug;
		};
		DC330EE24C33534BD73F0BAB /* Release */ = {
			isa = XCBuildConfiguration;
			buildSettings = {
				ASSETCATALOG_COMPILER_APPICON_NAME = AppIcon;
				ASSETCATALOG_COMPILER_GLOBAL_ACCENT_COLOR_NAME = AccentColor;
				CODE_SIGN_ENTITLEMENTS = BenchmarkApp.entitlements;
				CODE_SIGN_IDENTITY = "iPhone Developer";
				ENABLE_USER_SCRIPT_SANDBOXING = NO;
				"ET_PLATFORM[sdk=iphoneos*]" = ios;
				"ET_PLATFORM[sdk=iphonesimulator*]" = simulator;
				FRAMEWORK_SEARCH_PATHS = (
					"$(inherited)",
					"\"Vendored\"",
				);
				INFOPLIST_FILE = Sources/Info.plist;
				IPHONEOS_DEPLOYMENT_TARGET = 27.0;
				LD_RUNPATH_SEARCH_PATHS = (
					"$(inherited)",
					"@executable_path/Frameworks",
				);
				OTHER_LDFLAGS = (
					"-ObjC",
					"-force_load",
					"$(BUILT_PRODUCTS_DIR)/libexecutorch_$(ET_PLATFORM).a",
					"-force_load",
					"$(BUILT_PRODUCTS_DIR)/libbackend_xnnpack_$(ET_PLATFORM).a",
					"-force_load",
					"$(BUILT_PRODUCTS_DIR)/libkernels_llm_$(ET_PLATFORM).a",
					"-force_load",
					"$(BUILT_PRODUCTS_DIR)/libkernels_optimized_$(ET_PLATFORM).a",
					"-force_load",
					"$(BUILT_PRODUCTS_DIR)/libkernels_quantized_$(ET_PLATFORM).a",
				);
				PRODUCT_BUNDLE_IDENTIFIER = com.iosllmbenchmark.benchmarkapp;
				SDKROOT = iphoneos;
				SWIFT_ACTIVE_COMPILATION_CONDITIONS = "$(inherited)";
				SWIFT_STRICT_CONCURRENCY = minimal;
				TARGETED_DEVICE_FAMILY = "1,2";
			};
			name = Release;
		};
/* End XCBuildConfiguration section */

/* Begin XCConfigurationList section */
		0494871B5BDED5EC3A0A631D /* Build configuration list for PBXNativeTarget "BenchmarkApp" */ = {
			isa = XCConfigurationList;
			buildConfigurations = (
				A302E7B5500291EC9F8A2321 /* Debug */,
				DC330EE24C33534BD73F0BAB /* Release */,
			);
			defaultConfigurationIsVisible = 0;
			defaultConfigurationName = Debug;
		};
		ED744F9297CCAFA67630612A /* Build configuration list for PBXProject "BenchmarkApp-executorch" */ = {
			isa = XCConfigurationList;
			buildConfigurations = (
				52BEB98D3CF25D3B461ACF9D /* Debug */,
				0D771D61270BA5C2E91450AF /* Release */,
			);
			defaultConfigurationIsVisible = 0;
			defaultConfigurationName = Debug;
		};
/* End XCConfigurationList section */

/* Begin XCLocalSwiftPackageReference section */
		51447F358BA0C85499026C7F /* XCLocalSwiftPackageReference "Vendored/Anemll/anemll-swift-cli" */ = {
			isa = XCLocalSwiftPackageReference;
			relativePath = "Vendored/Anemll/anemll-swift-cli";
		};
		C68F4C0490B456C8E1A6C2ED /* XCLocalSwiftPackageReference "Vendored/LiteRT-LM" */ = {
			isa = XCLocalSwiftPackageReference;
			relativePath = "Vendored/LiteRT-LM";
		};
/* End XCLocalSwiftPackageReference section */

/* Begin XCRemoteSwiftPackageReference section */
		1DD4B8EF6B4EA4DCFEB9AF3A /* XCRemoteSwiftPackageReference "mlx-swift" */ = {
			isa = XCRemoteSwiftPackageReference;
			repositoryURL = "https://github.com/ml-explore/mlx-swift";
			requirement = {
				kind = exactVersion;
				version = 0.31.6;
			};
		};
		C0CDB8264B7756A8F9BA07A0 /* XCRemoteSwiftPackageReference "executorch" */ = {
			isa = XCRemoteSwiftPackageReference;
			repositoryURL = "https://github.com/pytorch/executorch.git";
			requirement = {
				kind = revision;
				revision = 56cc93a96d5fb8d21554ec5f00fbad5a5b228bc4;
			};
		};
		DA1AC2CDF6B24E6328272DFB /* XCRemoteSwiftPackageReference "swift-transformers" */ = {
			isa = XCRemoteSwiftPackageReference;
			repositoryURL = "https://github.com/huggingface/swift-transformers";
			requirement = {
				kind = upToNextMajorVersion;
				minimumVersion = 1.0.0;
			};
		};
		E20051C3B59E366157DE5410 /* XCRemoteSwiftPackageReference "mlx-swift-lm" */ = {
			isa = XCRemoteSwiftPackageReference;
			repositoryURL = "https://github.com/ml-explore/mlx-swift-lm";
			requirement = {
				kind = revision;
				revision = 60bd0d7880c82980f9481f8be78862e9b63c58a3;
			};
		};
		F564D44801C1BE5A285BDFD8 /* XCRemoteSwiftPackageReference "swift-huggingface" */ = {
			isa = XCRemoteSwiftPackageReference;
			repositoryURL = "https://github.com/huggingface/swift-huggingface";
			requirement = {
				kind = upToNextMajorVersion;
				minimumVersion = 0.8.1;
			};
		};
/* End XCRemoteSwiftPackageReference section */

/* Begin XCSwiftPackageProductDependency section */
		1E7C37B0B52A30E47EDD845D /* HuggingFace */ = {
			isa = XCSwiftPackageProductDependency;
			package = F564D44801C1BE5A285BDFD8 /* XCRemoteSwiftPackageReference "swift-huggingface" */;
			productName = HuggingFace;
		};
		24B6CC1892E76D130B9ACDE5 /* AnemllCore */ = {
			isa = XCSwiftPackageProductDependency;
			productName = AnemllCore;
		};
		452687CFE7A1F9FB1F4F9F8E /* kernels_llm */ = {
			isa = XCSwiftPackageProductDependency;
			package = C0CDB8264B7756A8F9BA07A0 /* XCRemoteSwiftPackageReference "executorch" */;
			productName = kernels_llm;
		};
		48207E88DA3679DED258FDA7 /* kernels_optimized */ = {
			isa = XCSwiftPackageProductDependency;
			package = C0CDB8264B7756A8F9BA07A0 /* XCRemoteSwiftPackageReference "executorch" */;
			productName = kernels_optimized;
		};
		74FE0CD26EE5473634CD58D9 /* MLXLLM */ = {
			isa = XCSwiftPackageProductDependency;
			package = E20051C3B59E366157DE5410 /* XCRemoteSwiftPackageReference "mlx-swift-lm" */;
			productName = MLXLLM;
		};
		76A52538F7DD5986B5A60B25 /* MLXVLM */ = {
			isa = XCSwiftPackageProductDependency;
			package = E20051C3B59E366157DE5410 /* XCRemoteSwiftPackageReference "mlx-swift-lm" */;
			productName = MLXVLM;
		};
		89F44DA9C517202792DDD18F /* Transformers */ = {
			isa = XCSwiftPackageProductDependency;
			package = DA1AC2CDF6B24E6328272DFB /* XCRemoteSwiftPackageReference "swift-transformers" */;
			productName = Transformers;
		};
		947526936AA6F29EE4E3EDAD /* LiteRTLM */ = {
			isa = XCSwiftPackageProductDependency;
			productName = LiteRTLM;
		};
		C4813A5EF45479639CF7D754 /* MLXLMCommon */ = {
			isa = XCSwiftPackageProductDependency;
			package = E20051C3B59E366157DE5410 /* XCRemoteSwiftPackageReference "mlx-swift-lm" */;
			productName = MLXLMCommon;
		};
		CA62830B4E888617D9B916AA /* executorch_llm */ = {
			isa = XCSwiftPackageProductDependency;
			package = C0CDB8264B7756A8F9BA07A0 /* XCRemoteSwiftPackageReference "executorch" */;
			productName = executorch_llm;
		};
		D3B056F36440366F51D7BBD3 /* backend_xnnpack */ = {
			isa = XCSwiftPackageProductDependency;
			package = C0CDB8264B7756A8F9BA07A0 /* XCRemoteSwiftPackageReference "executorch" */;
			productName = backend_xnnpack;
		};
		D676A9BF0CF6F59AA4FB6A14 /* kernels_quantized */ = {
			isa = XCSwiftPackageProductDependency;
			package = C0CDB8264B7756A8F9BA07A0 /* XCRemoteSwiftPackageReference "executorch" */;
			productName = kernels_quantized;
		};
		F9CDB90F70270732FAB3EA8B /* executorch */ = {
			isa = XCSwiftPackageProductDependency;
			package = C0CDB8264B7756A8F9BA07A0 /* XCRemoteSwiftPackageReference "executorch" */;
			productName = executorch;
		};
/* End XCSwiftPackageProductDependency section */
	};
	rootObject = 7C01C54A1A1B98D635CDCC67 /* Project object */;
}
